// !$*UTF8*$!
{
	archiveVersion = 1;
	classes = {
	};
	objectVersion = 56;
	objects = {

/* Begin PBXBuildFile section */
		9A6FE2742BBFF7EC003A0C4D /* luaconf.h in Headers */ = {isa = PBXBuildFile; fileRef = 9AFD1EE72BBD33FE005F2DDD /* luaconf.h */; settings = {ATTRIBUTES = (Public, ); }; };
		9A6FE2752BBFF7EC003A0C4D /* lauxlib.h in Headers */ = {isa = PBXBuildFile; fileRef = 9AC7BA372BBD259D00340AE8 /* lauxlib.h */; settings = {ATTRIBUTES = (Public, ); }; };
		9A6FE2762BBFF7EC003A0C4D /* liblua.h in Headers */ = {isa = PBXBuildFile; fileRef = 9AFD1F1D2BBD3DC4005F2DDD /* liblua.h */; settings = {ATTRIBUTES = (Public, ); }; };
		9A6FE2772BBFF7EC003A0C4D /* lua.h in Headers */ = {isa = PBXBuildFile; fileRef = 9AC7BA382BBD259D00340AE8 /* lua.h */; settings = {ATTRIBUTES = (Public, ); }; };
		9A6FE2782BBFF7EC003A0C4D /* lualib.h in Headers */ = {isa = PBXBuildFile; fileRef = 9AFD1F1B2BBD3C83005F2DDD /* lualib.h */; settings = {ATTRIBUTES = (Public, ); }; };
		9A6FE27A2BBFF7EC003A0C4D /* llex.c in Sources */ = {isa = PBXBuildFile; fileRef = 9AC7B9BF2BBD1E6F00340AE8 /* llex.c */; };
		9A6FE27B2BBFF7EC003A0C4D /* lctype.c in Sources */ = {isa = PBXBuildFile; fileRef = 9AC7B99B2BBD1E6E00340AE8 /* lctype.c */; };
		9A6FE27C2BBFF7EC003A0C4D /* lobject.c in Sources */ = {isa = PBXBuildFile; fileRef = 9AC7B9BC2BBD1E6F00340AE8 /* lobject.c */; };
		9A6FE27D2BBFF7EC003A0C4D /* ldump.c in Sources */ = {isa = PBXBuildFile; fileRef = 9AC7B9972BBD1E6E00340AE8 /* ldump.c */; };
		9A6FE27E2BBFF7EC003A0C4D /* lgc.c in Sources */ = {isa = PBXBuildFile; fileRef = 9AC7B98F2BBD1E6E00340AE8 /* lgc.c */; };
		9A6FE27F2BBFF7EC003A0C4D /* lstring.c in Sources */ = {isa = PBXBuildFile; fileRef = 9AC7B9932BBD1E6E00340AE8 /* lstring.c */; };
		9A6FE2802BBFF7EC003A0C4D /* ltablib.c in Sources */ = {isa = PBXBuildFile; fileRef = 9AC7B9A22BBD1E6E00340AE8 /* ltablib.c */; };
		9A6FE2812BBFF7EC003A0C4D /* lmem.c in Sources */ = {isa = PBXBuildFile; fileRef = 9AC7B9C12BBD1E6F00340AE8 /* lmem.c */; };
		9A6FE2822BBFF7EC003A0C4D /* lstrlib.c in Sources */ = {isa = PBXBuildFile; fileRef = 9AC7B9B52BBD1E6E00340AE8 /* lstrlib.c */; };
		9A6FE2832BBFF7EC003A0C4D /* liolib.c in Sources */ = {isa = PBXBuildFile; fileRef = 9AC7B9A42BBD1E6E00340AE8 /* liolib.c */; };
		9A6FE2842BBFF7EC003A0C4D /* loslib.c in Sources */ = {isa = PBXBuildFile; fileRef = 9AC7B99D2BBD1E6E00340AE8 /* loslib.c */; };
		9A6FE2852BBFF7EC003A0C4D /* lapi.c in Sources */ = {isa = PBXBuildFile; fileRef = 9AC7B9A62BBD1E6E00340AE8 /* lapi.c */; };
		9A6FE2862BBFF7EC003A0C4D /* ldo.c in Sources */ = {isa = PBXBuildFile; fileRef = 9AC7B9BB2BBD1E6F00340AE8 /* ldo.c */; };
		9A6FE2872BBFF7EC003A0C4D /* ltm.c in Sources */ = {isa = PBXBuildFile; fileRef = 9AC7B9B92BBD1E6E00340AE8 /* ltm.c */; };
		9A6FE2882BBFF7EC003A0C4D /* lmathlib.c in Sources */ = {isa = PBXBuildFile; fileRef = 9AC7B9C32BBD1E6F00340AE8 /* lmathlib.c */; };
		9A6FE2892BBFF7EC003A0C4D /* lcode.c in Sources */ = {isa = PBXBuildFile; fileRef = 9AC7B9992BBD1E6E00340AE8 /* lcode.c */; };
		9A6FE28A2BBFF7EC003A0C4D /* ltable.c in Sources */ = {isa = PBXBuildFile; fileRef = 9AC7B99F2BBD1E6E00340AE8 /* ltable.c */; };
		9A6FE28B2BBFF7EC003A0C4D /* lbaselib.c in Sources */ = {isa = PBXBuildFile; fileRef = 9AC7B9922BBD1E6E00340AE8 /* lbaselib.c */; };
		9A6FE28C2BBFF7EC003A0C4D /* lcorolib.c in Sources */ = {isa = PBXBuildFile; fileRef = 9AC7B9C22BBD1E6F00340AE8 /* lcorolib.c */; };
		9A6FE28D2BBFF7EC003A0C4D /* lopcodes.c in Sources */ = {isa = PBXBuildFile; fileRef = 9AC7B9982BBD1E6E00340AE8 /* lopcodes.c */; };
		9A6FE28E2BBFF7EC003A0C4D /* lutf8lib.c in Sources */ = {isa = PBXBuildFile; fileRef = 9AC7B9962BBD1E6E00340AE8 /* lutf8lib.c */; };
		9A6FE28F2BBFF7EC003A0C4D /* loadlib.c in Sources */ = {isa = PBXBuildFile; fileRef = 9AC7B98A2BBD1E6E00340AE8 /* loadlib.c */; };
		9A6FE2902BBFF7EC003A0C4D /* lundump.c in Sources */ = {isa = PBXBuildFile; fileRef = 9AC7B9B42BBD1E6E00340AE8 /* lundump.c */; };
		9A6FE2912BBFF7EC003A0C4D /* lauxlib.c in Sources */ = {isa = PBXBuildFile; fileRef = 9AC7B9882BBD1E6E00340AE8 /* lauxlib.c */; };
		9A6FE2922BBFF7EC003A0C4D /* lparser.c in Sources */ = {isa = PBXBuildFile; fileRef = 9AC7B9B22BBD1E6E00340AE8 /* lparser.c */; };
		9A6FE2932BBFF7EC003A0C4D /* ldebug.c in Sources */ = {isa = PBXBuildFile; fileRef = 9AC7B9B12BBD1E6E00340AE8 /* ldebug.c */; };
		9A6FE2942BBFF7EC003A0C4D /* lstate.c in Sources */ = {isa = PBXBuildFile; fileRef = 9AC7B9952BBD1E6E00340AE8 /* lstate.c */; };
		9A6FE2952BBFF7EC003A0C4D /* lvm.c in Sources */ = {isa = PBXBuildFile; fileRef = 9AC7B9B62BBD1E6E00340AE8 /* lvm.c */; };
		9A6FE2962BBFF7EC003A0C4D /* lfunc.c in Sources */ = {isa = PBXBuildFile; fileRef = 9AC7B9AC2BBD1E6E00340AE8 /* lfunc.c */; };
		9A6FE2972BBFF7EC003A0C4D /* linit.c in Sources */ = {isa = PBXBuildFile; fileRef = 9AC7B9B82BBD1E6E00340AE8 /* linit.c */; };
		9A6FE2982BBFF7EC003A0C4D /* ldblib.c in Sources */ = {isa = PBXBuildFile; fileRef = 9AC7B9942BBD1E6E00340AE8 /* ldblib.c */; };
		9A6FE2992BBFF7EC003A0C4D /* lzio.c in Sources */ = {isa = PBXBuildFile; fileRef = 9AC7B9BA2BBD1E6E00340AE8 /* lzio.c */; };
		9A6FE2A22BBFF866003A0C4D /* luaconf.h in Headers */ = {isa = PBXBuildFile; fileRef = 9AFD1EE72BBD33FE005F2DDD /* luaconf.h */; settings = {ATTRIBUTES = (Public, ); }; };
		9A6FE2A32BBFF866003A0C4D /* lauxlib.h in Headers */ = {isa = PBXBuildFile; fileRef = 9AC7BA372BBD259D00340AE8 /* lauxlib.h */; settings = {ATTRIBUTES = (Public, ); }; };
		9A6FE2A42BBFF866003A0C4D /* liblua.h in Headers */ = {isa = PBXBuildFile; fileRef = 9AFD1F1D2BBD3DC4005F2DDD /* liblua.h */; settings = {ATTRIBUTES = (Public, ); }; };
		9A6FE2A52BBFF866003A0C4D /* lua.h in Headers */ = {isa = PBXBuildFile; fileRef = 9AC7BA382BBD259D00340AE8 /* lua.h */; settings = {ATTRIBUTES = (Public, ); }; };
		9A6FE2A62BBFF866003A0C4D /* lualib.h in Headers */ = {isa = PBXBuildFile; fileRef = 9AFD1F1B2BBD3C83005F2DDD /* lualib.h */; settings = {ATTRIBUTES = (Public, ); }; };
		9A6FE2A82BBFF866003A0C4D /* llex.c in Sources */ = {isa = PBXBuildFile; fileRef = 9AC7B9BF2BBD1E6F00340AE8 /* llex.c */; };
		9A6FE2A92BBFF866003A0C4D /* lctype.c in Sources */ = {isa = PBXBuildFile; fileRef = 9AC7B99B2BBD1E6E00340AE8 /* lctype.c */; };
		9A6FE2AA2BBFF866003A0C4D /* lobject.c in Sources */ = {isa = PBXBuildFile; fileRef = 9AC7B9BC2BBD1E6F00340AE8 /* lobject.c */; };
		9A6FE2AB2BBFF866003A0C4D /* ldump.c in Sources */ = {isa = PBXBuildFile; fileRef = 9AC7B9972BBD1E6E00340AE8 /* ldump.c */; };
		9A6FE2AC2BBFF866003A0C4D /* lgc.c in Sources */ = {isa = PBXBuildFile; fileRef = 9AC7B98F2BBD1E6E00340AE8 /* lgc.c */; };
		9A6FE2AD2BBFF866003A0C4D /* lstring.c in Sources */ = {isa = PBXBuildFile; fileRef = 9AC7B9932BBD1E6E00340AE8 /* lstring.c */; };
		9A6FE2AE2BBFF866003A0C4D /* ltablib.c in Sources */ = {isa = PBXBuildFile; fileRef = 9AC7B9A22BBD1E6E00340AE8 /* ltablib.c */; };
		9A6FE2AF2BBFF866003A0C4D /* lmem.c in Sources */ = {isa = PBXBuildFile; fileRef = 9AC7B9C12BBD1E6F00340AE8 /* lmem.c */; };
		9A6FE2B02BBFF866003A0C4D /* lstrlib.c in Sources */ = {isa = PBXBuildFile; fileRef = 9AC7B9B52BBD1E6E00340AE8 /* lstrlib.c */; };
		9A6FE2B12BBFF866003A0C4D /* liolib.c in Sources */ = {isa = PBXBuildFile; fileRef = 9AC7B9A42BBD1E6E00340AE8 /* liolib.c */; };
		9A6FE2B22BBFF866003A0C4D /* loslib.c in Sources */ = {isa = PBXBuildFile; fileRef = 9AC7B99D2BBD1E6E00340AE8 /* loslib.c */; };
		9A6FE2B32BBFF866003A0C4D /* lapi.c in Sources */ = {isa = PBXBuildFile; fileRef = 9AC7B9A62BBD1E6E00340AE8 /* lapi.c */; };
		9A6FE2B42BBFF866003A0C4D /* ldo.c in Sources */ = {isa = PBXBuildFile; fileRef = 9AC7B9BB2BBD1E6F00340AE8 /* ldo.c */; };
		9A6FE2B52BBFF866003A0C4D /* ltm.c in Sources */ = {isa = PBXBuildFile; fileRef = 9AC7B9B92BBD1E6E00340AE8 /* ltm.c */; };
		9A6FE2B62BBFF866003A0C4D /* lmathlib.c in Sources */ = {isa = PBXBuildFile; fileRef = 9AC7B9C32BBD1E6F00340AE8 /* lmathlib.c */; };
		9A6FE2B72BBFF866003A0C4D /* lcode.c in Sources */ = {isa = PBXBuildFile; fileRef = 9AC7B9992BBD1E6E00340AE8 /* lcode.c */; };
		9A6FE2B82BBFF866003A0C4D /* ltable.c in Sources */ = {isa = PBXBuildFile; fileRef = 9AC7B99F2BBD1E6E00340AE8 /* ltable.c */; };
		9A6FE2B92BBFF866003A0C4D /* lbaselib.c in Sources */ = {isa = PBXBuildFile; fileRef = 9AC7B9922BBD1E6E00340AE8 /* lbaselib.c */; };
		9A6FE2BA2BBFF866003A0C4D /* lcorolib.c in Sources */ = {isa = PBXBuildFile; fileRef = 9AC7B9C22BBD1E6F00340AE8 /* lcorolib.c */; };
		9A6FE2BB2BBFF866003A0C4D /* lopcodes.c in Sources */ = {isa = PBXBuildFile; fileRef = 9AC7B9982BBD1E6E00340AE8 /* lopcodes.c */; };
		9A6FE2BC2BBFF866003A0C4D /* lutf8lib.c in Sources */ = {isa = PBXBuildFile; fileRef = 9AC7B9962BBD1E6E00340AE8 /* lutf8lib.c */; };
		9A6FE2BD2BBFF866003A0C4D /* loadlib.c in Sources */ = {isa = PBXBuildFile; fileRef = 9AC7B98A2BBD1E6E00340AE8 /* loadlib.c */; };
		9A6FE2BE2BBFF866003A0C4D /* lundump.c in Sources */ = {isa = PBXBuildFile; fileRef = 9AC7B9B42BBD1E6E00340AE8 /* lundump.c */; };
		9A6FE2BF2BBFF866003A0C4D /* lauxlib.c in Sources */ = {isa = PBXBuildFile; fileRef = 9AC7B9882BBD1E6E00340AE8 /* lauxlib.c */; };
		9A6FE2C02BBFF866003A0C4D /* lparser.c in Sources */ = {isa = PBXBuildFile; fileRef = 9AC7B9B22BBD1E6E00340AE8 /* lparser.c */; };
		9A6FE2C12BBFF866003A0C4D /* ldebug.c in Sources */ = {isa = PBXBuildFile; fileRef = 9AC7B9B12BBD1E6E00340AE8 /* ldebug.c */; };
		9A6FE2C22BBFF866003A0C4D /* lstate.c in Sources */ = {isa = PBXBuildFile; fileRef = 9AC7B9952BBD1E6E00340AE8 /* lstate.c */; };
		9A6FE2C32BBFF866003A0C4D /* lvm.c in Sources */ = {isa = PBXBuildFile; fileRef = 9AC7B9B62BBD1E6E00340AE8 /* lvm.c */; };
		9A6FE2C42BBFF866003A0C4D /* lfunc.c in Sources */ = {isa = PBXBuildFile; fileRef = 9AC7B9AC2BBD1E6E00340AE8 /* lfunc.c */; };
		9A6FE2C52BBFF866003A0C4D /* linit.c in Sources */ = {isa = PBXBuildFile; fileRef = 9AC7B9B82BBD1E6E00340AE8 /* linit.c */; };
		9A6FE2C62BBFF866003A0C4D /* ldblib.c in Sources */ = {isa = PBXBuildFile; fileRef = 9AC7B9942BBD1E6E00340AE8 /* ldblib.c */; };
		9A6FE2C72BBFF866003A0C4D /* lzio.c in Sources */ = {isa = PBXBuildFile; fileRef = 9AC7B9BA2BBD1E6E00340AE8 /* lzio.c */; };
		9A6FE2D02BBFF869003A0C4D /* luaconf.h in Headers */ = {isa = PBXBuildFile; fileRef = 9AFD1EE72BBD33FE005F2DDD /* luaconf.h */; settings = {ATTRIBUTES = (Public, ); }; };
		9A6FE2D12BBFF869003A0C4D /* lauxlib.h in Headers */ = {isa = PBXBuildFile; fileRef = 9AC7BA372BBD259D00340AE8 /* lauxlib.h */; settings = {ATTRIBUTES = (Public, ); }; };
		9A6FE2D22BBFF869003A0C4D /* liblua.h in Headers */ = {isa = PBXBuildFile; fileRef = 9AFD1F1D2BBD3DC4005F2DDD /* liblua.h */; settings = {ATTRIBUTES = (Public, ); }; };
		9A6FE2D32BBFF869003A0C4D /* lua.h in Headers */ = {isa = PBXBuildFile; fileRef = 9AC7BA382BBD259D00340AE8 /* lua.h */; settings = {ATTRIBUTES = (Public, ); }; };
		9A6FE2D42BBFF869003A0C4D /* lualib.h in Headers */ = {isa = PBXBuildFile; fileRef = 9AFD1F1B2BBD3C83005F2DDD /* lualib.h */; settings = {ATTRIBUTES = (Public, ); }; };
		9A6FE2D62BBFF869003A0C4D /* llex.c in Sources */ = {isa = PBXBuildFile; fileRef = 9AC7B9BF2BBD1E6F00340AE8 /* llex.c */; };
		9A6FE2D72BBFF869003A0C4D /* lctype.c in Sources */ = {isa = PBXBuildFile; fileRef = 9AC7B99B2BBD1E6E00340AE8 /* lctype.c */; };
		9A6FE2D82BBFF869003A0C4D /* lobject.c in Sources */ = {isa = PBXBuildFile; fileRef = 9AC7B9BC2BBD1E6F00340AE8 /* lobject.c */; };
		9A6FE2D92BBFF869003A0C4D /* ldump.c in Sources */ = {isa = PBXBuildFile; fileRef = 9AC7B9972BBD1E6E00340AE8 /* ldump.c */; };
		9A6FE2DA2BBFF869003A0C4D /* lgc.c in Sources */ = {isa = PBXBuildFile; fileRef = 9AC7B98F2BBD1E6E00340AE8 /* lgc.c */; };
		9A6FE2DB2BBFF869003A0C4D /* lstring.c in Sources */ = {isa = PBXBuildFile; fileRef = 9AC7B9932BBD1E6E00340AE8 /* lstring.c */; };
		9A6FE2DC2BBFF869003A0C4D /* ltablib.c in Sources */ = {isa = PBXBuildFile; fileRef = 9AC7B9A22BBD1E6E00340AE8 /* ltablib.c */; };
		9A6FE2DD2BBFF869003A0C4D /* lmem.c in Sources */ = {isa = PBXBuildFile; fileRef = 9AC7B9C12BBD1E6F00340AE8 /* lmem.c */; };
		9A6FE2DE2BBFF869003A0C4D /* lstrlib.c in Sources */ = {isa = PBXBuildFile; fileRef = 9AC7B9B52BBD1E6E00340AE8 /* lstrlib.c */; };
		9A6FE2DF2BBFF869003A0C4D /* liolib.c in Sources */ = {isa = PBXBuildFile; fileRef = 9AC7B9A42BBD1E6E00340AE8 /* liolib.c */; };
		9A6FE2E02BBFF869003A0C4D /* loslib.c in Sources */ = {isa = PBXBuildFile; fileRef = 9AC7B99D2BBD1E6E00340AE8 /* loslib.c */; };
		9A6FE2E12BBFF869003A0C4D /* lapi.c in Sources */ = {isa = PBXBuildFile; fileRef = 9AC7B9A62BBD1E6E00340AE8 /* lapi.c */; };
		9A6FE2E22BBFF869003A0C4D /* ldo.c in Sources */ = {isa = PBXBuildFile; fileRef = 9AC7B9BB2BBD1E6F00340AE8 /* ldo.c */; };
		9A6FE2E32BBFF869003A0C4D /* ltm.c in Sources */ = {isa = PBXBuildFile; fileRef = 9AC7B9B92BBD1E6E00340AE8 /* ltm.c */; };
		9A6FE2E42BBFF869003A0C4D /* lmathlib.c in Sources */ = {isa = PBXBuildFile; fileRef = 9AC7B9C32BBD1E6F00340AE8 /* lmathlib.c */; };
		9A6FE2E52BBFF869003A0C4D /* lcode.c in Sources */ = {isa = PBXBuildFile; fileRef = 9AC7B9992BBD1E6E00340AE8 /* lcode.c */; };
		9A6FE2E62BBFF869003A0C4D /* ltable.c in Sources */ = {isa = PBXBuildFile; fileRef = 9AC7B99F2BBD1E6E00340AE8 /* ltable.c */; };
		9A6FE2E72BBFF869003A0C4D /* lbaselib.c in Sources */ = {isa = PBXBuildFile; fileRef = 9AC7B9922BBD1E6E00340AE8 /* lbaselib.c */; };
		9A6FE2E82BBFF869003A0C4D /* lcorolib.c in Sources */ = {isa = PBXBuildFile; fileRef = 9AC7B9C22BBD1E6F00340AE8 /* lcorolib.c */; };
		9A6FE2E92BBFF869003A0C4D /* lopcodes.c in Sources */ = {isa = PBXBuildFile; fileRef = 9AC7B9982BBD1E6E00340AE8 /* lopcodes.c */; };
		9A6FE2EA2BBFF869003A0C4D /* lutf8lib.c in Sources */ = {isa = PBXBuildFile; fileRef = 9AC7B9962BBD1E6E00340AE8 /* lutf8lib.c */; };
		9A6FE2EB2BBFF869003A0C4D /* loadlib.c in Sources */ = {isa = PBXBuildFile; fileRef = 9AC7B98A2BBD1E6E00340AE8 /* loadlib.c */; };
		9A6FE2EC2BBFF869003A0C4D /* lundump.c in Sources */ = {isa = PBXBuildFile; fileRef = 9AC7B9B42BBD1E6E00340AE8 /* lundump.c */; };
		9A6FE2ED2BBFF869003A0C4D /* lauxlib.c in Sources */ = {isa = PBXBuildFile; fileRef = 9AC7B9882BBD1E6E00340AE8 /* lauxlib.c */; };
		9A6FE2EE2BBFF869003A0C4D /* lparser.c in Sources */ = {isa = PBXBuildFile; fileRef = 9AC7B9B22BBD1E6E00340AE8 /* lparser.c */; };
		9A6FE2EF2BBFF869003A0C4D /* ldebug.c in Sources */ = {isa = PBXBuildFile; fileRef = 9AC7B9B12BBD1E6E00340AE8 /* ldebug.c */; };
		9A6FE2F02BBFF869003A0C4D /* lstate.c in Sources */ = {isa = PBXBuildFile; fileRef = 9AC7B9952BBD1E6E00340AE8 /* lstate.c */; };
		9A6FE2F12BBFF869003A0C4D /* lvm.c in Sources */ = {isa = PBXBuildFile; fileRef = 9AC7B9B62BBD1E6E00340AE8 /* lvm.c */; };
		9A6FE2F22BBFF869003A0C4D /* lfunc.c in Sources */ = {isa = PBXBuildFile; fileRef = 9AC7B9AC2BBD1E6E00340AE8 /* lfunc.c */; };
		9A6FE2F32BBFF869003A0C4D /* linit.c in Sources */ = {isa = PBXBuildFile; fileRef = 9AC7B9B82BBD1E6E00340AE8 /* linit.c */; };
		9A6FE2F42BBFF869003A0C4D /* ldblib.c in Sources */ = {isa = PBXBuildFile; fileRef = 9AC7B9942BBD1E6E00340AE8 /* ldblib.c */; };
		9A6FE2F52BBFF869003A0C4D /* lzio.c in Sources */ = {isa = PBXBuildFile; fileRef = 9AC7B9BA2BBD1E6E00340AE8 /* lzio.c */; };
		9A6FE2FE2BBFF86C003A0C4D /* luaconf.h in Headers */ = {isa = PBXBuildFile; fileRef = 9AFD1EE72BBD33FE005F2DDD /* luaconf.h */; settings = {ATTRIBUTES = (Public, ); }; };
		9A6FE2FF2BBFF86C003A0C4D /* lauxlib.h in Headers */ = {isa = PBXBuildFile; fileRef = 9AC7BA372BBD259D00340AE8 /* lauxlib.h */; settings = {ATTRIBUTES = (Public, ); }; };
		9A6FE3002BBFF86C003A0C4D /* liblua.h in Headers */ = {isa = PBXBuildFile; fileRef = 9AFD1F1D2BBD3DC4005F2DDD /* liblua.h */; settings = {ATTRIBUTES = (Public, ); }; };
		9A6FE3012BBFF86C003A0C4D /* lua.h in Headers */ = {isa = PBXBuildFile; fileRef = 9AC7BA382BBD259D00340AE8 /* lua.h */; settings = {ATTRIBUTES = (Public, ); }; };
		9A6FE3022BBFF86C003A0C4D /* lualib.h in Headers */ = {isa = PBXBuildFile; fileRef = 9AFD1F1B2BBD3C83005F2DDD /* lualib.h */; settings = {ATTRIBUTES = (Public, ); }; };
		9A6FE3042BBFF86C003A0C4D /* llex.c in Sources */ = {isa = PBXBuildFile; fileRef = 9AC7B9BF2BBD1E6F00340AE8 /* llex.c */; };
		9A6FE3052BBFF86C003A0C4D /* lctype.c in Sources */ = {isa = PBXBuildFile; fileRef = 9AC7B99B2BBD1E6E00340AE8 /* lctype.c */; };
		9A6FE3062BBFF86C003A0C4D /* lobject.c in Sources */ = {isa = PBXBuildFile; fileRef = 9AC7B9BC2BBD1E6F00340AE8 /* lobject.c */; };
		9A6FE3072BBFF86C003A0C4D /* ldump.c in Sources */ = {isa = PBXBuildFile; fileRef = 9AC7B9972BBD1E6E00340AE8 /* ldump.c */; };
		9A6FE3082BBFF86C003A0C4D /* lgc.c in Sources */ = {isa = PBXBuildFile; fileRef = 9AC7B98F2BBD1E6E00340AE8 /* lgc.c */; };
		9A6FE3092BBFF86C003A0C4D /* lstring.c in Sources */ = {isa = PBXBuildFile; fileRef = 9AC7B9932BBD1E6E00340AE8 /* lstring.c */; };
		9A6FE30A2BBFF86C003A0C4D /* ltablib.c in Sources */ = {isa = PBXBuildFile; fileRef = 9AC7B9A22BBD1E6E00340AE8 /* ltablib.c */; };
		9A6FE30B2BBFF86C003A0C4D /* lmem.c in Sources */ = {isa = PBXBuildFile; fileRef = 9AC7B9C12BBD1E6F00340AE8 /* lmem.c */; };
		9A6FE30C2BBFF86C003A0C4D /* lstrlib.c in Sources */ = {isa = PBXBuildFile; fileRef = 9AC7B9B52BBD1E6E00340AE8 /* lstrlib.c */; };
		9A6FE30D2BBFF86C003A0C4D /* liolib.c in Sources */ = {isa = PBXBuildFile; fileRef = 9AC7B9A42BBD1E6E00340AE8 /* liolib.c */; };
		9A6FE30E2BBFF86C003A0C4D /* loslib.c in Sources */ = {isa = PBXBuildFile; fileRef = 9AC7B99D2BBD1E6E00340AE8 /* loslib.c */; };
		9A6FE30F2BBFF86C003A0C4D /* lapi.c in Sources */ = {isa = PBXBuildFile; fileRef = 9AC7B9A62BBD1E6E00340AE8 /* lapi.c */; };
		9A6FE3102BBFF86C003A0C4D /* ldo.c in Sources */ = {isa = PBXBuildFile; fileRef = 9AC7B9BB2BBD1E6F00340AE8 /* ldo.c */; };
		9A6FE3112BBFF86C003A0C4D /* ltm.c in Sources */ = {isa = PBXBuildFile; fileRef = 9AC7B9B92BBD1E6E00340AE8 /* ltm.c */; };
		9A6FE3122BBFF86C003A0C4D /* lmathlib.c in Sources */ = {isa = PBXBuildFile; fileRef = 9AC7B9C32BBD1E6F00340AE8 /* lmathlib.c */; };
		9A6FE3132BBFF86C003A0C4D /* lcode.c in Sources */ = {isa = PBXBuildFile; fileRef = 9AC7B9992BBD1E6E00340AE8 /* lcode.c */; };
		9A6FE3142BBFF86C003A0C4D /* ltable.c in Sources */ = {isa = PBXBuildFile; fileRef = 9AC7B99F2BBD1E6E00340AE8 /* ltable.c */; };
		9A6FE3152BBFF86C003A0C4D /* lbaselib.c in Sources */ = {isa = PBXBuildFile; fileRef = 9AC7B9922BBD1E6E00340AE8 /* lbaselib.c */; };
		9A6FE3162BBFF86C003A0C4D /* lcorolib.c in Sources */ = {isa = PBXBuildFile; fileRef = 9AC7B9C22BBD1E6F00340AE8 /* lcorolib.c */; };
		9A6FE3172BBFF86C003A0C4D /* lopcodes.c in Sources */ = {isa = PBXBuildFile; fileRef = 9AC7B9982BBD1E6E00340AE8 /* lopcodes.c */; };
		9A6FE3182BBFF86C003A0C4D /* lutf8lib.c in Sources */ = {isa = PBXBuildFile; fileRef = 9AC7B9962BBD1E6E00340AE8 /* lutf8lib.c */; };
		9A6FE3192BBFF86C003A0C4D /* loadlib.c in Sources */ = {isa = PBXBuildFile; fileRef = 9AC7B98A2BBD1E6E00340AE8 /* loadlib.c */; };
		9A6FE31A2BBFF86C003A0C4D /* lundump.c in Sources */ = {isa = PBXBuildFile; fileRef = 9AC7B9B42BBD1E6E00340AE8 /* lundump.c */; };
		9A6FE31B2BBFF86C003A0C4D /* lauxlib.c in Sources */ = {isa = PBXBuildFile; fileRef = 9AC7B9882BBD1E6E00340AE8 /* lauxlib.c */; };
		9A6FE31C2BBFF86C003A0C4D /* lparser.c in Sources */ = {isa = PBXBuildFile; fileRef = 9AC7B9B22BBD1E6E00340AE8 /* lparser.c */; };
		9A6FE31D2BBFF86C003A0C4D /* ldebug.c in Sources */ = {isa = PBXBuildFile; fileRef = 9AC7B9B12BBD1E6E00340AE8 /* ldebug.c */; };
		9A6FE31E2BBFF86C003A0C4D /* lstate.c in Sources */ = {isa = PBXBuildFile; fileRef = 9AC7B9952BBD1E6E00340AE8 /* lstate.c */; };
		9A6FE31F2BBFF86C003A0C4D /* lvm.c in Sources */ = {isa = PBXBuildFile; fileRef = 9AC7B9B62BBD1E6E00340AE8 /* lvm.c */; };
		9A6FE3202BBFF86C003A0C4D /* lfunc.c in Sources */ = {isa = PBXBuildFile; fileRef = 9AC7B9AC2BBD1E6E00340AE8 /* lfunc.c */; };
		9A6FE3212BBFF86C003A0C4D /* linit.c in Sources */ = {isa = PBXBuildFile; fileRef = 9AC7B9B82BBD1E6E00340AE8 /* linit.c */; };
		9A6FE3222BBFF86C003A0C4D /* ldblib.c in Sources */ = {isa = PBXBuildFile; fileRef = 9AC7B9942BBD1E6E00340AE8 /* ldblib.c */; };
		9A6FE3232BBFF86C003A0C4D /* lzio.c in Sources */ = {isa = PBXBuildFile; fileRef = 9AC7B9BA2BBD1E6E00340AE8 /* lzio.c */; };
		9AC7B9C42BBD1E6F00340AE8 /* lauxlib.c in Sources */ = {isa = PBXBuildFile; fileRef = 9AC7B9882BBD1E6E00340AE8 /* lauxlib.c */; };
		9AC7B9C62BBD1E6F00340AE8 /* loadlib.c in Sources */ = {isa = PBXBuildFile; fileRef = 9AC7B98A2BBD1E6E00340AE8 /* loadlib.c */; };
		9AC7B9CB2BBD1E6F00340AE8 /* lgc.c in Sources */ = {isa = PBXBuildFile; fileRef = 9AC7B98F2BBD1E6E00340AE8 /* lgc.c */; };
		9AC7B9CE2BBD1E6F00340AE8 /* lbaselib.c in Sources */ = {isa = PBXBuildFile; fileRef = 9AC7B9922BBD1E6E00340AE8 /* lbaselib.c */; };
		9AC7B9CF2BBD1E6F00340AE8 /* lstring.c in Sources */ = {isa = PBXBuildFile; fileRef = 9AC7B9932BBD1E6E00340AE8 /* lstring.c */; };
		9AC7B9D02BBD1E6F00340AE8 /* ldblib.c in Sources */ = {isa = PBXBuildFile; fileRef = 9AC7B9942BBD1E6E00340AE8 /* ldblib.c */; };
		9AC7B9D12BBD1E6F00340AE8 /* lstate.c in Sources */ = {isa = PBXBuildFile; fileRef = 9AC7B9952BBD1E6E00340AE8 /* lstate.c */; };
		9AC7B9D22BBD1E6F00340AE8 /* lutf8lib.c in Sources */ = {isa = PBXBuildFile; fileRef = 9AC7B9962BBD1E6E00340AE8 /* lutf8lib.c */; };
		9AC7B9D32BBD1E6F00340AE8 /* ldump.c in Sources */ = {isa = PBXBuildFile; fileRef = 9AC7B9972BBD1E6E00340AE8 /* ldump.c */; };
		9AC7B9D42BBD1E6F00340AE8 /* lopcodes.c in Sources */ = {isa = PBXBuildFile; fileRef = 9AC7B9982BBD1E6E00340AE8 /* lopcodes.c */; };
		9AC7B9D52BBD1E6F00340AE8 /* lcode.c in Sources */ = {isa = PBXBuildFile; fileRef = 9AC7B9992BBD1E6E00340AE8 /* lcode.c */; };
		9AC7B9D72BBD1E6F00340AE8 /* lctype.c in Sources */ = {isa = PBXBuildFile; fileRef = 9AC7B99B2BBD1E6E00340AE8 /* lctype.c */; };
		9AC7B9D92BBD1E6F00340AE8 /* loslib.c in Sources */ = {isa = PBXBuildFile; fileRef = 9AC7B99D2BBD1E6E00340AE8 /* loslib.c */; };
		9AC7B9DB2BBD1E6F00340AE8 /* ltable.c in Sources */ = {isa = PBXBuildFile; fileRef = 9AC7B99F2BBD1E6E00340AE8 /* ltable.c */; };
		9AC7B9DE2BBD1E6F00340AE8 /* ltablib.c in Sources */ = {isa = PBXBuildFile; fileRef = 9AC7B9A22BBD1E6E00340AE8 /* ltablib.c */; };
		9AC7B9E02BBD1E6F00340AE8 /* liolib.c in Sources */ = {isa = PBXBuildFile; fileRef = 9AC7B9A42BBD1E6E00340AE8 /* liolib.c */; };
		9AC7B9E22BBD1E6F00340AE8 /* lapi.c in Sources */ = {isa = PBXBuildFile; fileRef = 9AC7B9A62BBD1E6E00340AE8 /* lapi.c */; };
		9AC7B9E82BBD1E6F00340AE8 /* lfunc.c in Sources */ = {isa = PBXBuildFile; fileRef = 9AC7B9AC2BBD1E6E00340AE8 /* lfunc.c */; };
		9AC7B9ED2BBD1E6F00340AE8 /* ldebug.c in Sources */ = {isa = PBXBuildFile; fileRef = 9AC7B9B12BBD1E6E00340AE8 /* ldebug.c */; };
		9AC7B9EE2BBD1E6F00340AE8 /* lparser.c in Sources */ = {isa = PBXBuildFile; fileRef = 9AC7B9B22BBD1E6E00340AE8 /* lparser.c */; };
		9AC7B9F02BBD1E6F00340AE8 /* lundump.c in Sources */ = {isa = PBXBuildFile; fileRef = 9AC7B9B42BBD1E6E00340AE8 /* lundump.c */; };
		9AC7B9F12BBD1E6F00340AE8 /* lstrlib.c in Sources */ = {isa = PBXBuildFile; fileRef = 9AC7B9B52BBD1E6E00340AE8 /* lstrlib.c */; };
		9AC7B9F22BBD1E6F00340AE8 /* lvm.c in Sources */ = {isa = PBXBuildFile; fileRef = 9AC7B9B62BBD1E6E00340AE8 /* lvm.c */; };
		9AC7B9F42BBD1E6F00340AE8 /* linit.c in Sources */ = {isa = PBXBuildFile; fileRef = 9AC7B9B82BBD1E6E00340AE8 /* linit.c */; };
		9AC7B9F52BBD1E6F00340AE8 /* ltm.c in Sources */ = {isa = PBXBuildFile; fileRef = 9AC7B9B92BBD1E6E00340AE8 /* ltm.c */; };
		9AC7B9F62BBD1E6F00340AE8 /* lzio.c in Sources */ = {isa = PBXBuildFile; fileRef = 9AC7B9BA2BBD1E6E00340AE8 /* lzio.c */; };
		9AC7B9F72BBD1E6F00340AE8 /* ldo.c in Sources */ = {isa = PBXBuildFile; fileRef = 9AC7B9BB2BBD1E6F00340AE8 /* ldo.c */; };
		9AC7B9F82BBD1E6F00340AE8 /* lobject.c in Sources */ = {isa = PBXBuildFile; fileRef = 9AC7B9BC2BBD1E6F00340AE8 /* lobject.c */; };
		9AC7B9FB2BBD1E6F00340AE8 /* llex.c in Sources */ = {isa = PBXBuildFile; fileRef = 9AC7B9BF2BBD1E6F00340AE8 /* llex.c */; };
		9AC7B9FD2BBD1E6F00340AE8 /* lmem.c in Sources */ = {isa = PBXBuildFile; fileRef = 9AC7B9C12BBD1E6F00340AE8 /* lmem.c */; };
		9AC7B9FE2BBD1E6F00340AE8 /* lcorolib.c in Sources */ = {isa = PBXBuildFile; fileRef = 9AC7B9C22BBD1E6F00340AE8 /* lcorolib.c */; };
		9AC7B9FF2BBD1E6F00340AE8 /* lmathlib.c in Sources */ = {isa = PBXBuildFile; fileRef = 9AC7B9C32BBD1E6F00340AE8 /* lmathlib.c */; };
		9AC7BA3A2BBD259D00340AE8 /* lauxlib.h in Headers */ = {isa = PBXBuildFile; fileRef = 9AC7BA372BBD259D00340AE8 /* lauxlib.h */; settings = {ATTRIBUTES = (Public, ); }; };
		9AC7BA3B2BBD259D00340AE8 /* lua.h in Headers */ = {isa = PBXBuildFile; fileRef = 9AC7BA382BBD259D00340AE8 /* lua.h */; settings = {ATTRIBUTES = (Public, ); }; };
		9AFD1EE82BBD33FE005F2DDD /* luaconf.h in Headers */ = {isa = PBXBuildFile; fileRef = 9AFD1EE72BBD33FE005F2DDD /* luaconf.h */; settings = {ATTRIBUTES = (Public, ); }; };
		9AFD1F1C2BBD3C83005F2DDD /* lualib.h in Headers */ = {isa = PBXBuildFile; fileRef = 9AFD1F1B2BBD3C83005F2DDD /* lualib.h */; settings = {ATTRIBUTES = (Public, ); }; };
		9AFD1F1F2BBD3FDB005F2DDD /* liblua.h in Headers */ = {isa = PBXBuildFile; fileRef = 9AFD1F1D2BBD3DC4005F2DDD /* liblua.h */; settings = {ATTRIBUTES = (Public, ); }; };
		9AFD1F272BBE244B005F2DDD /* luaExampleApp.swift in Sources */ = {isa = PBXBuildFile; fileRef = 9AFD1F262BBE244B005F2DDD /* luaExampleApp.swift */; };
		9AFD1F292BBE244B005F2DDD /* ContentView.swift in Sources */ = {isa = PBXBuildFile; fileRef = 9AFD1F282BBE244B005F2DDD /* ContentView.swift */; };
		9AFD1F2B2BBE244C005F2DDD /* Assets.xcassets in Resources */ = {isa = PBXBuildFile; fileRef = 9AFD1F2A2BBE244C005F2DDD /* Assets.xcassets */; };
		9AFD1F2F2BBE244C005F2DDD /* Preview Assets.xcassets in Resources */ = {isa = PBXBuildFile; fileRef = 9AFD1F2E2BBE244C005F2DDD /* Preview Assets.xcassets */; };
		9AFD1F342BBE24A0005F2DDD /* liblua.framework in Frameworks */ = {isa = PBXBuildFile; fileRef = 9AC7B96A2BBD1DD600340AE8 /* liblua.framework */; };
		9AFD1F352BBE24A0005F2DDD /* liblua.framework in Embed Frameworks */ = {isa = PBXBuildFile; fileRef = 9AC7B96A2BBD1DD600340AE8 /* liblua.framework */; settings = {ATTRIBUTES = (CodeSignOnCopy, RemoveHeadersOnCopy, ); }; };
		9AFD1F562BBE2CFF005F2DDD /* LuaUtils.swift in Sources */ = {isa = PBXBuildFile; fileRef = 9AFD1F552BBE2CFF005F2DDD /* LuaUtils.swift */; };
/* End PBXBuildFile section */

/* Begin PBXContainerItemProxy section */
		9AFD1F362BBE24A0005F2DDD /* PBXContainerItemProxy */ = {
			isa = PBXContainerItemProxy;
			containerPortal = 9AC7B93B2BBD03FE00340AE8 /* Project object */;
			proxyType = 1;
			remoteGlobalIDString = 9AC7B9692BBD1DD600340AE8;
			remoteInfo = liblua;
		};
/* End PBXContainerItemProxy section */

/* Begin PBXCopyFilesBuildPhase section */
		9AFD1F382BBE24A0005F2DDD /* Embed Frameworks */ = {
			isa = PBXCopyFilesBuildPhase;
			buildActionMask = 2147483647;
			dstPath = "";
			dstSubfolderSpec = 10;
			files = (
				9AFD1F352BBE24A0005F2DDD /* liblua.framework in Embed Frameworks */,
			);
			name = "Embed Frameworks";
			runOnlyForDeploymentPostprocessing = 0;
		};
/* End PBXCopyFilesBuildPhase section */

/* Begin PBXFileReference section */
		9A6FE29F2BBFF7EC003A0C4D /* liblua.framework */ = {isa = PBXFileReference; explicitFileType = wrapper.framework; includeInIndex = 0; path = liblua.framework; sourceTree = BUILT_PRODUCTS_DIR; };
		9A6FE2CD2BBFF866003A0C4D /* liblua.framework */ = {isa = PBXFileReference; explicitFileType = wrapper.framework; includeInIndex = 0; path = liblua.framework; sourceTree = BUILT_PRODUCTS_DIR; };
		9A6FE2FB2BBFF869003A0C4D /* liblua.framework */ = {isa = PBXFileReference; explicitFileType = wrapper.framework; includeInIndex = 0; path = liblua.framework; sourceTree = BUILT_PRODUCTS_DIR; };
		9A6FE3292BBFF86C003A0C4D /* liblua.framework */ = {isa = PBXFileReference; explicitFileType = wrapper.framework; includeInIndex = 0; path = liblua.framework; sourceTree = BUILT_PRODUCTS_DIR; };
		9AC7B96A2BBD1DD600340AE8 /* liblua.framework */ = {isa = PBXFileReference; explicitFileType = wrapper.framework; includeInIndex = 0; path = liblua.framework; sourceTree = BUILT_PRODUCTS_DIR; };
		9AC7B9882BBD1E6E00340AE8 /* lauxlib.c */ = {isa = PBXFileReference; fileEncoding = 4; lastKnownFileType = sourcecode.c.c; path = lauxlib.c; sourceTree = "<group>"; };
		9AC7B98A2BBD1E6E00340AE8 /* loadlib.c */ = {isa = PBXFileReference; fileEncoding = 4; lastKnownFileType = sourcecode.c.c; path = loadlib.c; sourceTree = "<group>"; };
		9AC7B98F2BBD1E6E00340AE8 /* lgc.c */ = {isa = PBXFileReference; fileEncoding = 4; lastKnownFileType = sourcecode.c.c; path = lgc.c; sourceTree = "<group>"; };
		9AC7B9922BBD1E6E00340AE8 /* lbaselib.c */ = {isa = PBXFileReference; fileEncoding = 4; lastKnownFileType = sourcecode.c.c; path = lbaselib.c; sourceTree = "<group>"; };
		9AC7B9932BBD1E6E00340AE8 /* lstring.c */ = {isa = PBXFileReference; fileEncoding = 4; lastKnownFileType = sourcecode.c.c; path = lstring.c; sourceTree = "<group>"; };
		9AC7B9942BBD1E6E00340AE8 /* ldblib.c */ = {isa = PBXFileReference; fileEncoding = 4; lastKnownFileType = sourcecode.c.c; path = ldblib.c; sourceTree = "<group>"; };
		9AC7B9952BBD1E6E00340AE8 /* lstate.c */ = {isa = PBXFileReference; fileEncoding = 4; lastKnownFileType = sourcecode.c.c; path = lstate.c; sourceTree = "<group>"; };
		9AC7B9962BBD1E6E00340AE8 /* lutf8lib.c */ = {isa = PBXFileReference; fileEncoding = 4; lastKnownFileType = sourcecode.c.c; path = lutf8lib.c; sourceTree = "<group>"; };
		9AC7B9972BBD1E6E00340AE8 /* ldump.c */ = {isa = PBXFileReference; fileEncoding = 4; lastKnownFileType = sourcecode.c.c; path = ldump.c; sourceTree = "<group>"; };
		9AC7B9982BBD1E6E00340AE8 /* lopcodes.c */ = {isa = PBXFileReference; fileEncoding = 4; lastKnownFileType = sourcecode.c.c; path = lopcodes.c; sourceTree = "<group>"; };
		9AC7B9992BBD1E6E00340AE8 /* lcode.c */ = {isa = PBXFileReference; fileEncoding = 4; lastKnownFileType = sourcecode.c.c; path = lcode.c; sourceTree = "<group>"; };
		9AC7B99B2BBD1E6E00340AE8 /* lctype.c */ = {isa = PBXFileReference; fileEncoding = 4; lastKnownFileType = sourcecode.c.c; path = lctype.c; sourceTree = "<group>"; };
		9AC7B99D2BBD1E6E00340AE8 /* loslib.c */ = {isa = PBXFileReference; fileEncoding = 4; lastKnownFileType = sourcecode.c.c; path = loslib.c; sourceTree = "<group>"; };
		9AC7B99F2BBD1E6E00340AE8 /* ltable.c */ = {isa = PBXFileReference; fileEncoding = 4; lastKnownFileType = sourcecode.c.c; path = ltable.c; sourceTree = "<group>"; };
		9AC7B9A22BBD1E6E00340AE8 /* ltablib.c */ = {isa = PBXFileReference; fileEncoding = 4; lastKnownFileType = sourcecode.c.c; path = ltablib.c; sourceTree = "<group>"; };
		9AC7B9A42BBD1E6E00340AE8 /* liolib.c */ = {isa = PBXFileReference; fileEncoding = 4; lastKnownFileType = sourcecode.c.c; path = liolib.c; sourceTree = "<group>"; };
		9AC7B9A62BBD1E6E00340AE8 /* lapi.c */ = {isa = PBXFileReference; fileEncoding = 4; lastKnownFileType = sourcecode.c.c; path = lapi.c; sourceTree = "<group>"; };
		9AC7B9AC2BBD1E6E00340AE8 /* lfunc.c */ = {isa = PBXFileReference; fileEncoding = 4; lastKnownFileType = sourcecode.c.c; path = lfunc.c; sourceTree = "<group>"; };
		9AC7B9B12BBD1E6E00340AE8 /* ldebug.c */ = {isa = PBXFileReference; fileEncoding = 4; lastKnownFileType = sourcecode.c.c; path = ldebug.c; sourceTree = "<group>"; };
		9AC7B9B22BBD1E6E00340AE8 /* lparser.c */ = {isa = PBXFileReference; fileEncoding = 4; lastKnownFileType = sourcecode.c.c; path = lparser.c; sourceTree = "<group>"; };
		9AC7B9B42BBD1E6E00340AE8 /* lundump.c */ = {isa = PBXFileReference; fileEncoding = 4; lastKnownFileType = sourcecode.c.c; path = lundump.c; sourceTree = "<group>"; };
		9AC7B9B52BBD1E6E00340AE8 /* lstrlib.c */ = {isa = PBXFileReference; fileEncoding = 4; lastKnownFileType = sourcecode.c.c; path = lstrlib.c; sourceTree = "<group>"; };
		9AC7B9B62BBD1E6E00340AE8 /* lvm.c */ = {isa = PBXFileReference; fileEncoding = 4; lastKnownFileType = sourcecode.c.c; path = lvm.c; sourceTree = "<group>"; };
		9AC7B9B82BBD1E6E00340AE8 /* linit.c */ = {isa = PBXFileReference; fileEncoding = 4; lastKnownFileType = sourcecode.c.c; path = linit.c; sourceTree = "<group>"; };
		9AC7B9B92BBD1E6E00340AE8 /* ltm.c */ = {isa = PBXFileReference; fileEncoding = 4; lastKnownFileType = sourcecode.c.c; path = ltm.c; sourceTree = "<group>"; };
		9AC7B9BA2BBD1E6E00340AE8 /* lzio.c */ = {isa = PBXFileReference; fileEncoding = 4; lastKnownFileType = sourcecode.c.c; path = lzio.c; sourceTree = "<group>"; };
		9AC7B9BB2BBD1E6F00340AE8 /* ldo.c */ = {isa = PBXFileReference; fileEncoding = 4; lastKnownFileType = sourcecode.c.c; path = ldo.c; sourceTree = "<group>"; };
		9AC7B9BC2BBD1E6F00340AE8 /* lobject.c */ = {isa = PBXFileReference; fileEncoding = 4; lastKnownFileType = sourcecode.c.c; path = lobject.c; sourceTree = "<group>"; };
		9AC7B9BF2BBD1E6F00340AE8 /* llex.c */ = {isa = PBXFileReference; fileEncoding = 4; lastKnownFileType = sourcecode.c.c; path = llex.c; sourceTree = "<group>"; };
		9AC7B9C12BBD1E6F00340AE8 /* lmem.c */ = {isa = PBXFileReference; fileEncoding = 4; lastKnownFileType = sourcecode.c.c; path = lmem.c; sourceTree = "<group>"; };
		9AC7B9C22BBD1E6F00340AE8 /* lcorolib.c */ = {isa = PBXFileReference; fileEncoding = 4; lastKnownFileType = sourcecode.c.c; path = lcorolib.c; sourceTree = "<group>"; };
		9AC7B9C32BBD1E6F00340AE8 /* lmathlib.c */ = {isa = PBXFileReference; fileEncoding = 4; lastKnownFileType = sourcecode.c.c; path = lmathlib.c; sourceTree = "<group>"; };
		9AC7BA372BBD259D00340AE8 /* lauxlib.h */ = {isa = PBXFileReference; fileEncoding = 4; lastKnownFileType = sourcecode.c.h; path = lauxlib.h; sourceTree = "<group>"; };
		9AC7BA382BBD259D00340AE8 /* lua.h */ = {isa = PBXFileReference; fileEncoding = 4; lastKnownFileType = sourcecode.c.h; path = lua.h; sourceTree = "<group>"; };
		9AFD1EE72BBD33FE005F2DDD /* luaconf.h */ = {isa = PBXFileReference; fileEncoding = 4; lastKnownFileType = sourcecode.c.h; path = luaconf.h; sourceTree = "<group>"; };
		9AFD1F1B2BBD3C83005F2DDD /* lualib.h */ = {isa = PBXFileReference; fileEncoding = 4; lastKnownFileType = sourcecode.c.h; path = lualib.h; sourceTree = "<group>"; };
		9AFD1F1D2BBD3DC4005F2DDD /* liblua.h */ = {isa = PBXFileReference; lastKnownFileType = sourcecode.c.h; path = liblua.h; sourceTree = "<group>"; };
		9AFD1F1E2BBD3DE4005F2DDD /* module.modulemap */ = {isa = PBXFileReference; lastKnownFileType = "sourcecode.module-map"; path = module.modulemap; sourceTree = "<group>"; };
		9AFD1F242BBE244B005F2DDD /* luaExample.app */ = {isa = PBXFileReference; explicitFileType = wrapper.application; includeInIndex = 0; path = luaExample.app; sourceTree = BUILT_PRODUCTS_DIR; };
		9AFD1F262BBE244B005F2DDD /* luaExampleApp.swift */ = {isa = PBXFileReference; lastKnownFileType = sourcecode.swift; path = luaExampleApp.swift; sourceTree = "<group>"; };
		9AFD1F282BBE244B005F2DDD /* ContentView.swift */ = {isa = PBXFileReference; lastKnownFileType = sourcecode.swift; path = ContentView.swift; sourceTree = "<group>"; };
		9AFD1F2A2BBE244C005F2DDD /* Assets.xcassets */ = {isa = PBXFileReference; lastKnownFileType = folder.assetcatalog; path = Assets.xcassets; sourceTree = "<group>"; };
		9AFD1F2C2BBE244C005F2DDD /* luaExample.entitlements */ = {isa = PBXFileReference; lastKnownFileType = text.plist.entitlements; path = luaExample.entitlements; sourceTree = "<group>"; };
		9AFD1F2E2BBE244C005F2DDD /* Preview Assets.xcassets */ = {isa = PBXFileReference; lastKnownFileType = folder.assetcatalog; path = "Preview Assets.xcassets"; sourceTree = "<group>"; };
		9AFD1F552BBE2CFF005F2DDD /* LuaUtils.swift */ = {isa = PBXFileReference; lastKnownFileType = sourcecode.swift; path = LuaUtils.swift; sourceTree = "<group>"; };
/* End PBXFileReference section */

/* Begin PBXFrameworksBuildPhase section */
		9A6FE29A2BBFF7EC003A0C4D /* Frameworks */ = {
			isa = PBXFrameworksBuildPhase;
			buildActionMask = 2147483647;
			files = (
			);
			runOnlyForDeploymentPostprocessing = 0;
		};
		9A6FE2C82BBFF866003A0C4D /* Frameworks */ = {
			isa = PBXFrameworksBuildPhase;
			buildActionMask = 2147483647;
			files = (
			);
			runOnlyForDeploymentPostprocessing = 0;
		};
		9A6FE2F62BBFF869003A0C4D /* Frameworks */ = {
			isa = PBXFrameworksBuildPhase;
			buildActionMask = 2147483647;
			files = (
			);
			runOnlyForDeploymentPostprocessing = 0;
		};
		9A6FE3242BBFF86C003A0C4D /* Frameworks */ = {
			isa = PBXFrameworksBuildPhase;
			buildActionMask = 2147483647;
			files = (
			);
			runOnlyForDeploymentPostprocessing = 0;
		};
		9AC7B9672BBD1DD600340AE8 /* Frameworks */ = {
			isa = PBXFrameworksBuildPhase;
			buildActionMask = 2147483647;
			files = (
			);
			runOnlyForDeploymentPostprocessing = 0;
		};
		9AFD1F212BBE244B005F2DDD /* Frameworks */ = {
			isa = PBXFrameworksBuildPhase;
			buildActionMask = 2147483647;
			files = (
				9AFD1F342BBE24A0005F2DDD /* liblua.framework in Frameworks */,
			);
			runOnlyForDeploymentPostprocessing = 0;
		};
/* End PBXFrameworksBuildPhase section */

/* Begin PBXGroup section */
		9AC7B93A2BBD03FE00340AE8 = {
			isa = PBXGroup;
			children = (
				9AC7B96B2BBD1DD600340AE8 /* liblua */,
				9AFD1F252BBE244B005F2DDD /* luaExample */,
				9AC7B9442BBD03FE00340AE8 /* Products */,
				9AFD1F332BBE24A0005F2DDD /* Frameworks */,
			);
			sourceTree = "<group>";
		};
		9AC7B9442BBD03FE00340AE8 /* Products */ = {
			isa = PBXGroup;
			children = (
				9AC7B96A2BBD1DD600340AE8 /* liblua.framework */,
				9AFD1F242BBE244B005F2DDD /* luaExample.app */,
				9A6FE29F2BBFF7EC003A0C4D /* liblua.framework */,
				9A6FE2CD2BBFF866003A0C4D /* liblua.framework */,
				9A6FE2FB2BBFF869003A0C4D /* liblua.framework */,
				9A6FE3292BBFF86C003A0C4D /* liblua.framework */,
			);
			name = Products;
			sourceTree = "<group>";
		};
		9AC7B96B2BBD1DD600340AE8 /* liblua */ = {
			isa = PBXGroup;
			children = (
				9AC7B9872BBD1E4F00340AE8 /* sources */,
			);
			path = liblua;
			sourceTree = "<group>";
		};
		9AC7B9872BBD1E4F00340AE8 /* sources */ = {
			isa = PBXGroup;
			children = (
				9AC7BA1B2BBD24C500340AE8 /* include */,
				9AC7B9A62BBD1E6E00340AE8 /* lapi.c */,
				9AC7B9882BBD1E6E00340AE8 /* lauxlib.c */,
				9AC7B9922BBD1E6E00340AE8 /* lbaselib.c */,
				9AC7B9992BBD1E6E00340AE8 /* lcode.c */,
				9AC7B9C22BBD1E6F00340AE8 /* lcorolib.c */,
				9AC7B99B2BBD1E6E00340AE8 /* lctype.c */,
				9AC7B9942BBD1E6E00340AE8 /* ldblib.c */,
				9AC7B9B12BBD1E6E00340AE8 /* ldebug.c */,
				9AC7B9BB2BBD1E6F00340AE8 /* ldo.c */,
				9AC7B9972BBD1E6E00340AE8 /* ldump.c */,
				9AC7B9AC2BBD1E6E00340AE8 /* lfunc.c */,
				9AC7B98F2BBD1E6E00340AE8 /* lgc.c */,
				9AC7B9B82BBD1E6E00340AE8 /* linit.c */,
				9AC7B9A42BBD1E6E00340AE8 /* liolib.c */,
				9AC7B9BF2BBD1E6F00340AE8 /* llex.c */,
				9AC7B9C32BBD1E6F00340AE8 /* lmathlib.c */,
				9AC7B9C12BBD1E6F00340AE8 /* lmem.c */,
				9AC7B98A2BBD1E6E00340AE8 /* loadlib.c */,
				9AC7B9BC2BBD1E6F00340AE8 /* lobject.c */,
				9AC7B9982BBD1E6E00340AE8 /* lopcodes.c */,
				9AC7B99D2BBD1E6E00340AE8 /* loslib.c */,
				9AC7B9B22BBD1E6E00340AE8 /* lparser.c */,
				9AC7B9952BBD1E6E00340AE8 /* lstate.c */,
				9AC7B9932BBD1E6E00340AE8 /* lstring.c */,
				9AC7B9B52BBD1E6E00340AE8 /* lstrlib.c */,
				9AC7B99F2BBD1E6E00340AE8 /* ltable.c */,
				9AC7B9A22BBD1E6E00340AE8 /* ltablib.c */,
				9AC7B9B92BBD1E6E00340AE8 /* ltm.c */,
				9AC7B9B42BBD1E6E00340AE8 /* lundump.c */,
				9AC7B9962BBD1E6E00340AE8 /* lutf8lib.c */,
				9AC7B9B62BBD1E6E00340AE8 /* lvm.c */,
				9AC7B9BA2BBD1E6E00340AE8 /* lzio.c */,
				9AFD1F1E2BBD3DE4005F2DDD /* module.modulemap */,
			);
			path = sources;
			sourceTree = "<group>";
		};
		9AC7BA1B2BBD24C500340AE8 /* include */ = {
			isa = PBXGroup;
			children = (
				9AFD1F1D2BBD3DC4005F2DDD /* liblua.h */,
				9AFD1F1B2BBD3C83005F2DDD /* lualib.h */,
				9AFD1EE72BBD33FE005F2DDD /* luaconf.h */,
				9AC7BA372BBD259D00340AE8 /* lauxlib.h */,
				9AC7BA382BBD259D00340AE8 /* lua.h */,
			);
			path = include;
			sourceTree = "<group>";
		};
		9AFD1F252BBE244B005F2DDD /* luaExample */ = {
			isa = PBXGroup;
			children = (
				9AFD1F262BBE244B005F2DDD /* luaExampleApp.swift */,
				9AFD1F282BBE244B005F2DDD /* ContentView.swift */,
				9AFD1F552BBE2CFF005F2DDD /* LuaUtils.swift */,
				9AFD1F2A2BBE244C005F2DDD /* Assets.xcassets */,
				9AFD1F2C2BBE244C005F2DDD /* luaExample.entitlements */,
				9AFD1F2D2BBE244C005F2DDD /* Preview Content */,
			);
			path = luaExample;
			sourceTree = "<group>";
		};
		9AFD1F2D2BBE244C005F2DDD /* Preview Content */ = {
			isa = PBXGroup;
			children = (
				9AFD1F2E2BBE244C005F2DDD /* Preview Assets.xcassets */,
			);
			path = "Preview Content";
			sourceTree = "<group>";
		};
		9AFD1F332BBE24A0005F2DDD /* Frameworks */ = {
			isa = PBXGroup;
			children = (
			);
			name = Frameworks;
			sourceTree = "<group>";
		};
/* End PBXGroup section */

/* Begin PBXHeadersBuildPhase section */
		9A6FE2732BBFF7EC003A0C4D /* Headers */ = {
			isa = PBXHeadersBuildPhase;
			buildActionMask = 2147483647;
			files = (
				9A6FE2742BBFF7EC003A0C4D /* luaconf.h in Headers */,
				9A6FE2752BBFF7EC003A0C4D /* lauxlib.h in Headers */,
				9A6FE2762BBFF7EC003A0C4D /* liblua.h in Headers */,
				9A6FE2772BBFF7EC003A0C4D /* lua.h in Headers */,
				9A6FE2782BBFF7EC003A0C4D /* lualib.h in Headers */,
			);
			runOnlyForDeploymentPostprocessing = 0;
		};
		9A6FE2A12BBFF866003A0C4D /* Headers */ = {
			isa = PBXHeadersBuildPhase;
			buildActionMask = 2147483647;
			files = (
				9A6FE2A22BBFF866003A0C4D /* luaconf.h in Headers */,
				9A6FE2A32BBFF866003A0C4D /* lauxlib.h in Headers */,
				9A6FE2A42BBFF866003A0C4D /* liblua.h in Headers */,
				9A6FE2A52BBFF866003A0C4D /* lua.h in Headers */,
				9A6FE2A62BBFF866003A0C4D /* lualib.h in Headers */,
			);
			runOnlyForDeploymentPostprocessing = 0;
		};
		9A6FE2CF2BBFF869003A0C4D /* Headers */ = {
			isa = PBXHeadersBuildPhase;
			buildActionMask = 2147483647;
			files = (
				9A6FE2D02BBFF869003A0C4D /* luaconf.h in Headers */,
				9A6FE2D12BBFF869003A0C4D /* lauxlib.h in Headers */,
				9A6FE2D22BBFF869003A0C4D /* liblua.h in Headers */,
				9A6FE2D32BBFF869003A0C4D /* lua.h in Headers */,
				9A6FE2D42BBFF869003A0C4D /* lualib.h in Headers */,
			);
			runOnlyForDeploymentPostprocessing = 0;
		};
		9A6FE2FD2BBFF86C003A0C4D /* Headers */ = {
			isa = PBXHeadersBuildPhase;
			buildActionMask = 2147483647;
			files = (
				9A6FE2FE2BBFF86C003A0C4D /* luaconf.h in Headers */,
				9A6FE2FF2BBFF86C003A0C4D /* lauxlib.h in Headers */,
				9A6FE3002BBFF86C003A0C4D /* liblua.h in Headers */,
				9A6FE3012BBFF86C003A0C4D /* lua.h in Headers */,
				9A6FE3022BBFF86C003A0C4D /* lualib.h in Headers */,
			);
			runOnlyForDeploymentPostprocessing = 0;
		};
		9AC7B9652BBD1DD600340AE8 /* Headers */ = {
			isa = PBXHeadersBuildPhase;
			buildActionMask = 2147483647;
			files = (
				9AFD1EE82BBD33FE005F2DDD /* luaconf.h in Headers */,
				9AC7BA3A2BBD259D00340AE8 /* lauxlib.h in Headers */,
				9AFD1F1F2BBD3FDB005F2DDD /* liblua.h in Headers */,
				9AC7BA3B2BBD259D00340AE8 /* lua.h in Headers */,
				9AFD1F1C2BBD3C83005F2DDD /* lualib.h in Headers */,
			);
			runOnlyForDeploymentPostprocessing = 0;
		};
/* End PBXHeadersBuildPhase section */

/* Begin PBXNativeTarget section */
		9A6FE2722BBFF7EC003A0C4D /* liblua-macos */ = {
			isa = PBXNativeTarget;
			buildConfigurationList = 9A6FE29C2BBFF7EC003A0C4D /* Build configuration list for PBXNativeTarget "liblua-macos" */;
			buildPhases = (
				9A6FE2732BBFF7EC003A0C4D /* Headers */,
				9A6FE2792BBFF7EC003A0C4D /* Sources */,
				9A6FE29A2BBFF7EC003A0C4D /* Frameworks */,
				9A6FE29B2BBFF7EC003A0C4D /* Resources */,
			);
			buildRules = (
			);
			dependencies = (
			);
			name = "liblua-macos";
			productName = liblua;
			productReference = 9A6FE29F2BBFF7EC003A0C4D /* liblua.framework */;
			productType = "com.apple.product-type.framework";
		};
		9A6FE2A02BBFF866003A0C4D /* liblua-tvos */ = {
			isa = PBXNativeTarget;
			buildConfigurationList = 9A6FE2CA2BBFF866003A0C4D /* Build configuration list for PBXNativeTarget "liblua-tvos" */;
			buildPhases = (
				9A6FE2A12BBFF866003A0C4D /* Headers */,
				9A6FE2A72BBFF866003A0C4D /* Sources */,
				9A6FE2C82BBFF866003A0C4D /* Frameworks */,
				9A6FE2C92BBFF866003A0C4D /* Resources */,
			);
			buildRules = (
			);
			dependencies = (
			);
			name = "liblua-tvos";
			productName = liblua;
			productReference = 9A6FE2CD2BBFF866003A0C4D /* liblua.framework */;
			productType = "com.apple.product-type.framework";
		};
		9A6FE2CE2BBFF869003A0C4D /* liblua-visionOS */ = {
			isa = PBXNativeTarget;
			buildConfigurationList = 9A6FE2F82BBFF869003A0C4D /* Build configuration list for PBXNativeTarget "liblua-visionOS" */;
			buildPhases = (
				9A6FE2CF2BBFF869003A0C4D /* Headers */,
				9A6FE2D52BBFF869003A0C4D /* Sources */,
				9A6FE2F62BBFF869003A0C4D /* Frameworks */,
				9A6FE2F72BBFF869003A0C4D /* Resources */,
			);
			buildRules = (
			);
			dependencies = (
			);
			name = "liblua-visionOS";
			productName = liblua;
			productReference = 9A6FE2FB2BBFF869003A0C4D /* liblua.framework */;
			productType = "com.apple.product-type.framework";
		};
		9A6FE2FC2BBFF86C003A0C4D /* liblua-watchOS */ = {
			isa = PBXNativeTarget;
			buildConfigurationList = 9A6FE3262BBFF86C003A0C4D /* Build configuration list for PBXNativeTarget "liblua-watchOS" */;
			buildPhases = (
				9A6FE2FD2BBFF86C003A0C4D /* Headers */,
				9A6FE3032BBFF86C003A0C4D /* Sources */,
				9A6FE3242BBFF86C003A0C4D /* Frameworks */,
				9A6FE3252BBFF86C003A0C4D /* Resources */,
			);
			buildRules = (
			);
			dependencies = (
			);
			name = "liblua-watchOS";
			productName = liblua;
			productReference = 9A6FE3292BBFF86C003A0C4D /* liblua.framework */;
			productType = "com.apple.product-type.framework";
		};
		9AC7B9692BBD1DD600340AE8 /* liblua-ios */ = {
			isa = PBXNativeTarget;
			buildConfigurationList = 9AC7B9812BBD1DD600340AE8 /* Build configuration list for PBXNativeTarget "liblua-ios" */;
			buildPhases = (
				9AC7B9652BBD1DD600340AE8 /* Headers */,
				9AC7B9662BBD1DD600340AE8 /* Sources */,
				9AC7B9672BBD1DD600340AE8 /* Frameworks */,
				9AC7B9682BBD1DD600340AE8 /* Resources */,
			);
			buildRules = (
			);
			dependencies = (
			);
			name = "liblua-ios";
			productName = liblua;
			productReference = 9AC7B96A2BBD1DD600340AE8 /* liblua.framework */;
			productType = "com.apple.product-type.framework";
		};
		9AFD1F232BBE244B005F2DDD /* luaExample */ = {
			isa = PBXNativeTarget;
			buildConfigurationList = 9AFD1F302BBE244C005F2DDD /* Build configuration list for PBXNativeTarget "luaExample" */;
			buildPhases = (
				9AFD1F202BBE244B005F2DDD /* Sources */,
				9AFD1F212BBE244B005F2DDD /* Frameworks */,
				9AFD1F222BBE244B005F2DDD /* Resources */,
				9AFD1F382BBE24A0005F2DDD /* Embed Frameworks */,
			);
			buildRules = (
			);
			dependencies = (
				9AFD1F372BBE24A0005F2DDD /* PBXTargetDependency */,
			);
			name = luaExample;
			productName = luaExample;
			productReference = 9AFD1F242BBE244B005F2DDD /* luaExample.app */;
			productType = "com.apple.product-type.application";
		};
/* End PBXNativeTarget section */

/* Begin PBXProject section */
		9AC7B93B2BBD03FE00340AE8 /* Project object */ = {
			isa = PBXProject;
			attributes = {
				BuildIndependentTargetsInParallel = 1;
				LastSwiftUpdateCheck = 1530;
				LastUpgradeCheck = 1530;
				TargetAttributes = {
					9AC7B9692BBD1DD600340AE8 = {
						CreatedOnToolsVersion = 15.3;
					};
					9AFD1F232BBE244B005F2DDD = {
						CreatedOnToolsVersion = 15.3;
					};
				};
			};
			buildConfigurationList = 9AC7B93E2BBD03FE00340AE8 /* Build configuration list for PBXProject "lua" */;
			compatibilityVersion = "Xcode 14.0";
			developmentRegion = en;
			hasScannedForEncodings = 0;
			knownRegions = (
				en,
				Base,
			);
			mainGroup = 9AC7B93A2BBD03FE00340AE8;
			productRefGroup = 9AC7B9442BBD03FE00340AE8 /* Products */;
			projectDirPath = "";
			projectRoot = "";
			targets = (
				9AFD1F232BBE244B005F2DDD /* luaExample */,
				9AC7B9692BBD1DD600340AE8 /* liblua-ios */,
				9A6FE2722BBFF7EC003A0C4D /* liblua-macos */,
				9A6FE2A02BBFF866003A0C4D /* liblua-tvos */,
				9A6FE2CE2BBFF869003A0C4D /* liblua-visionOS */,
				9A6FE2FC2BBFF86C003A0C4D /* liblua-watchOS */,
			);
		};
/* End PBXProject section */

/* Begin PBXResourcesBuildPhase section */
		9A6FE29B2BBFF7EC003A0C4D /* Resources */ = {
			isa = PBXResourcesBuildPhase;
			buildActionMask = 2147483647;
			files = (
			);
			runOnlyForDeploymentPostprocessing = 0;
		};
		9A6FE2C92BBFF866003A0C4D /* Resources */ = {
			isa = PBXResourcesBuildPhase;
			buildActionMask = 2147483647;
			files = (
			);
			runOnlyForDeploymentPostprocessing = 0;
		};
		9A6FE2F72BBFF869003A0C4D /* Resources */ = {
			isa = PBXResourcesBuildPhase;
			buildActionMask = 2147483647;
			files = (
			);
			runOnlyForDeploymentPostprocessing = 0;
		};
		9A6FE3252BBFF86C003A0C4D /* Resources */ = {
			isa = PBXResourcesBuildPhase;
			buildActionMask = 2147483647;
			files = (
			);
			runOnlyForDeploymentPostprocessing = 0;
		};
		9AC7B9682BBD1DD600340AE8 /* Resources */ = {
			isa = PBXResourcesBuildPhase;
			buildActionMask = 2147483647;
			files = (
			);
			runOnlyForDeploymentPostprocessing = 0;
		};
		9AFD1F222BBE244B005F2DDD /* Resources */ = {
			isa = PBXResourcesBuildPhase;
			buildActionMask = 2147483647;
			files = (
				9AFD1F2F2BBE244C005F2DDD /* Preview Assets.xcassets in Resources */,
				9AFD1F2B2BBE244C005F2DDD /* Assets.xcassets in Resources */,
			);
			runOnlyForDeploymentPostprocessing = 0;
		};
/* End PBXResourcesBuildPhase section */

/* Begin PBXSourcesBuildPhase section */
		9A6FE2792BBFF7EC003A0C4D /* Sources */ = {
			isa = PBXSourcesBuildPhase;
			buildActionMask = 2147483647;
			files = (
				9A6FE27A2BBFF7EC003A0C4D /* llex.c in Sources */,
				9A6FE27B2BBFF7EC003A0C4D /* lctype.c in Sources */,
				9A6FE27C2BBFF7EC003A0C4D /* lobject.c in Sources */,
				9A6FE27D2BBFF7EC003A0C4D /* ldump.c in Sources */,
				9A6FE27E2BBFF7EC003A0C4D /* lgc.c in Sources */,
				9A6FE27F2BBFF7EC003A0C4D /* lstring.c in Sources */,
				9A6FE2802BBFF7EC003A0C4D /* ltablib.c in Sources */,
				9A6FE2812BBFF7EC003A0C4D /* lmem.c in Sources */,
				9A6FE2822BBFF7EC003A0C4D /* lstrlib.c in Sources */,
				9A6FE2832BBFF7EC003A0C4D /* liolib.c in Sources */,
				9A6FE2842BBFF7EC003A0C4D /* loslib.c in Sources */,
				9A6FE2852BBFF7EC003A0C4D /* lapi.c in Sources */,
				9A6FE2862BBFF7EC003A0C4D /* ldo.c in Sources */,
				9A6FE2872BBFF7EC003A0C4D /* ltm.c in Sources */,
				9A6FE2882BBFF7EC003A0C4D /* lmathlib.c in Sources */,
				9A6FE2892BBFF7EC003A0C4D /* lcode.c in Sources */,
				9A6FE28A2BBFF7EC003A0C4D /* ltable.c in Sources */,
				9A6FE28B2BBFF7EC003A0C4D /* lbaselib.c in Sources */,
				9A6FE28C2BBFF7EC003A0C4D /* lcorolib.c in Sources */,
				9A6FE28D2BBFF7EC003A0C4D /* lopcodes.c in Sources */,
				9A6FE28E2BBFF7EC003A0C4D /* lutf8lib.c in Sources */,
				9A6FE28F2BBFF7EC003A0C4D /* loadlib.c in Sources */,
				9A6FE2902BBFF7EC003A0C4D /* lundump.c in Sources */,
				9A6FE2912BBFF7EC003A0C4D /* lauxlib.c in Sources */,
				9A6FE2922BBFF7EC003A0C4D /* lparser.c in Sources */,
				9A6FE2932BBFF7EC003A0C4D /* ldebug.c in Sources */,
				9A6FE2942BBFF7EC003A0C4D /* lstate.c in Sources */,
				9A6FE2952BBFF7EC003A0C4D /* lvm.c in Sources */,
				9A6FE2962BBFF7EC003A0C4D /* lfunc.c in Sources */,
				9A6FE2972BBFF7EC003A0C4D /* linit.c in Sources */,
				9A6FE2982BBFF7EC003A0C4D /* ldblib.c in Sources */,
				9A6FE2992BBFF7EC003A0C4D /* lzio.c in Sources */,
			);
			runOnlyForDeploymentPostprocessing = 0;
		};
		9A6FE2A72BBFF866003A0C4D /* Sources */ = {
			isa = PBXSourcesBuildPhase;
			buildActionMask = 2147483647;
			files = (
				9A6FE2A82BBFF866003A0C4D /* llex.c in Sources */,
				9A6FE2A92BBFF866003A0C4D /* lctype.c in Sources */,
				9A6FE2AA2BBFF866003A0C4D /* lobject.c in Sources */,
				9A6FE2AB2BBFF866003A0C4D /* ldump.c in Sources */,
				9A6FE2AC2BBFF866003A0C4D /* lgc.c in Sources */,
				9A6FE2AD2BBFF866003A0C4D /* lstring.c in Sources */,
				9A6FE2AE2BBFF866003A0C4D /* ltablib.c in Sources */,
				9A6FE2AF2BBFF866003A0C4D /* lmem.c in Sources */,
				9A6FE2B02BBFF866003A0C4D /* lstrlib.c in Sources */,
				9A6FE2B12BBFF866003A0C4D /* liolib.c in Sources */,
				9A6FE2B22BBFF866003A0C4D /* loslib.c in Sources */,
				9A6FE2B32BBFF866003A0C4D /* lapi.c in Sources */,
				9A6FE2B42BBFF866003A0C4D /* ldo.c in Sources */,
				9A6FE2B52BBFF866003A0C4D /* ltm.c in Sources */,
				9A6FE2B62BBFF866003A0C4D /* lmathlib.c in Sources */,
				9A6FE2B72BBFF866003A0C4D /* lcode.c in Sources */,
				9A6FE2B82BBFF866003A0C4D /* ltable.c in Sources */,
				9A6FE2B92BBFF866003A0C4D /* lbaselib.c in Sources */,
				9A6FE2BA2BBFF866003A0C4D /* lcorolib.c in Sources */,
				9A6FE2BB2BBFF866003A0C4D /* lopcodes.c in Sources */,
				9A6FE2BC2BBFF866003A0C4D /* lutf8lib.c in Sources */,
				9A6FE2BD2BBFF866003A0C4D /* loadlib.c in Sources */,
				9A6FE2BE2BBFF866003A0C4D /* lundump.c in Sources */,
				9A6FE2BF2BBFF866003A0C4D /* lauxlib.c in Sources */,
				9A6FE2C02BBFF866003A0C4D /* lparser.c in Sources */,
				9A6FE2C12BBFF866003A0C4D /* ldebug.c in Sources */,
				9A6FE2C22BBFF866003A0C4D /* lstate.c in Sources */,
				9A6FE2C32BBFF866003A0C4D /* lvm.c in Sources */,
				9A6FE2C42BBFF866003A0C4D /* lfunc.c in Sources */,
				9A6FE2C52BBFF866003A0C4D /* linit.c in Sources */,
				9A6FE2C62BBFF866003A0C4D /* ldblib.c in Sources */,
				9A6FE2C72BBFF866003A0C4D /* lzio.c in Sources */,
			);
			runOnlyForDeploymentPostprocessing = 0;
		};
		9A6FE2D52BBFF869003A0C4D /* Sources */ = {
			isa = PBXSourcesBuildPhase;
			buildActionMask = 2147483647;
			files = (
				9A6FE2D62BBFF869003A0C4D /* llex.c in Sources */,
				9A6FE2D72BBFF869003A0C4D /* lctype.c in Sources */,
				9A6FE2D82BBFF869003A0C4D /* lobject.c in Sources */,
				9A6FE2D92BBFF869003A0C4D /* ldump.c in Sources */,
				9A6FE2DA2BBFF869003A0C4D /* lgc.c in Sources */,
				9A6FE2DB2BBFF869003A0C4D /* lstring.c in Sources */,
				9A6FE2DC2BBFF869003A0C4D /* ltablib.c in Sources */,
				9A6FE2DD2BBFF869003A0C4D /* lmem.c in Sources */,
				9A6FE2DE2BBFF869003A0C4D /* lstrlib.c in Sources */,
				9A6FE2DF2BBFF869003A0C4D /* liolib.c in Sources */,
				9A6FE2E02BBFF869003A0C4D /* loslib.c in Sources */,
				9A6FE2E12BBFF869003A0C4D /* lapi.c in Sources */,
				9A6FE2E22BBFF869003A0C4D /* ldo.c in Sources */,
				9A6FE2E32BBFF869003A0C4D /* ltm.c in Sources */,
				9A6FE2E42BBFF869003A0C4D /* lmathlib.c in Sources */,
				9A6FE2E52BBFF869003A0C4D /* lcode.c in Sources */,
				9A6FE2E62BBFF869003A0C4D /* ltable.c in Sources */,
				9A6FE2E72BBFF869003A0C4D /* lbaselib.c in Sources */,
				9A6FE2E82BBFF869003A0C4D /* lcorolib.c in Sources */,
				9A6FE2E92BBFF869003A0C4D /* lopcodes.c in Sources */,
				9A6FE2EA2BBFF869003A0C4D /* lutf8lib.c in Sources */,
				9A6FE2EB2BBFF869003A0C4D /* loadlib.c in Sources */,
				9A6FE2EC2BBFF869003A0C4D /* lundump.c in Sources */,
				9A6FE2ED2BBFF869003A0C4D /* lauxlib.c in Sources */,
				9A6FE2EE2BBFF869003A0C4D /* lparser.c in Sources */,
				9A6FE2EF2BBFF869003A0C4D /* ldebug.c in Sources */,
				9A6FE2F02BBFF869003A0C4D /* lstate.c in Sources */,
				9A6FE2F12BBFF869003A0C4D /* lvm.c in Sources */,
				9A6FE2F22BBFF869003A0C4D /* lfunc.c in Sources */,
				9A6FE2F32BBFF869003A0C4D /* linit.c in Sources */,
				9A6FE2F42BBFF869003A0C4D /* ldblib.c in Sources */,
				9A6FE2F52BBFF869003A0C4D /* lzio.c in Sources */,
			);
			runOnlyForDeploymentPostprocessing = 0;
		};
		9A6FE3032BBFF86C003A0C4D /* Sources */ = {
			isa = PBXSourcesBuildPhase;
			buildActionMask = 2147483647;
			files = (
				9A6FE3042BBFF86C003A0C4D /* llex.c in Sources */,
				9A6FE3052BBFF86C003A0C4D /* lctype.c in Sources */,
				9A6FE3062BBFF86C003A0C4D /* lobject.c in Sources */,
				9A6FE3072BBFF86C003A0C4D /* ldump.c in Sources */,
				9A6FE3082BBFF86C003A0C4D /* lgc.c in Sources */,
				9A6FE3092BBFF86C003A0C4D /* lstring.c in Sources */,
				9A6FE30A2BBFF86C003A0C4D /* ltablib.c in Sources */,
				9A6FE30B2BBFF86C003A0C4D /* lmem.c in Sources */,
				9A6FE30C2BBFF86C003A0C4D /* lstrlib.c in Sources */,
				9A6FE30D2BBFF86C003A0C4D /* liolib.c in Sources */,
				9A6FE30E2BBFF86C003A0C4D /* loslib.c in Sources */,
				9A6FE30F2BBFF86C003A0C4D /* lapi.c in Sources */,
				9A6FE3102BBFF86C003A0C4D /* ldo.c in Sources */,
				9A6FE3112BBFF86C003A0C4D /* ltm.c in Sources */,
				9A6FE3122BBFF86C003A0C4D /* lmathlib.c in Sources */,
				9A6FE3132BBFF86C003A0C4D /* lcode.c in Sources */,
				9A6FE3142BBFF86C003A0C4D /* ltable.c in Sources */,
				9A6FE3152BBFF86C003A0C4D /* lbaselib.c in Sources */,
				9A6FE3162BBFF86C003A0C4D /* lcorolib.c in Sources */,
				9A6FE3172BBFF86C003A0C4D /* lopcodes.c in Sources */,
				9A6FE3182BBFF86C003A0C4D /* lutf8lib.c in Sources */,
				9A6FE3192BBFF86C003A0C4D /* loadlib.c in Sources */,
				9A6FE31A2BBFF86C003A0C4D /* lundump.c in Sources */,
				9A6FE31B2BBFF86C003A0C4D /* lauxlib.c in Sources */,
				9A6FE31C2BBFF86C003A0C4D /* lparser.c in Sources */,
				9A6FE31D2BBFF86C003A0C4D /* ldebug.c in Sources */,
				9A6FE31E2BBFF86C003A0C4D /* lstate.c in Sources */,
				9A6FE31F2BBFF86C003A0C4D /* lvm.c in Sources */,
				9A6FE3202BBFF86C003A0C4D /* lfunc.c in Sources */,
				9A6FE3212BBFF86C003A0C4D /* linit.c in Sources */,
				9A6FE3222BBFF86C003A0C4D /* ldblib.c in Sources */,
				9A6FE3232BBFF86C003A0C4D /* lzio.c in Sources */,
			);
			runOnlyForDeploymentPostprocessing = 0;
		};
		9AC7B9662BBD1DD600340AE8 /* Sources */ = {
			isa = PBXSourcesBuildPhase;
			buildActionMask = 2147483647;
			files = (
				9AC7B9FB2BBD1E6F00340AE8 /* llex.c in Sources */,
				9AC7B9D72BBD1E6F00340AE8 /* lctype.c in Sources */,
				9AC7B9F82BBD1E6F00340AE8 /* lobject.c in Sources */,
				9AC7B9D32BBD1E6F00340AE8 /* ldump.c in Sources */,
				9AC7B9CB2BBD1E6F00340AE8 /* lgc.c in Sources */,
				9AC7B9CF2BBD1E6F00340AE8 /* lstring.c in Sources */,
				9AC7B9DE2BBD1E6F00340AE8 /* ltablib.c in Sources */,
				9AC7B9FD2BBD1E6F00340AE8 /* lmem.c in Sources */,
				9AC7B9F12BBD1E6F00340AE8 /* lstrlib.c in Sources */,
				9AC7B9E02BBD1E6F00340AE8 /* liolib.c in Sources */,
				9AC7B9D92BBD1E6F00340AE8 /* loslib.c in Sources */,
				9AC7B9E22BBD1E6F00340AE8 /* lapi.c in Sources */,
				9AC7B9F72BBD1E6F00340AE8 /* ldo.c in Sources */,
				9AC7B9F52BBD1E6F00340AE8 /* ltm.c in Sources */,
				9AC7B9FF2BBD1E6F00340AE8 /* lmathlib.c in Sources */,
				9AC7B9D52BBD1E6F00340AE8 /* lcode.c in Sources */,
				9AC7B9DB2BBD1E6F00340AE8 /* ltable.c in Sources */,
				9AC7B9CE2BBD1E6F00340AE8 /* lbaselib.c in Sources */,
				9AC7B9FE2BBD1E6F00340AE8 /* lcorolib.c in Sources */,
				9AC7B9D42BBD1E6F00340AE8 /* lopcodes.c in Sources */,
				9AC7B9D22BBD1E6F00340AE8 /* lutf8lib.c in Sources */,
				9AC7B9C62BBD1E6F00340AE8 /* loadlib.c in Sources */,
				9AC7B9F02BBD1E6F00340AE8 /* lundump.c in Sources */,
				9AC7B9C42BBD1E6F00340AE8 /* lauxlib.c in Sources */,
				9AC7B9EE2BBD1E6F00340AE8 /* lparser.c in Sources */,
				9AC7B9ED2BBD1E6F00340AE8 /* ldebug.c in Sources */,
				9AC7B9D12BBD1E6F00340AE8 /* lstate.c in Sources */,
				9AC7B9F22BBD1E6F00340AE8 /* lvm.c in Sources */,
				9AC7B9E82BBD1E6F00340AE8 /* lfunc.c in Sources */,
				9AC7B9F42BBD1E6F00340AE8 /* linit.c in Sources */,
				9AC7B9D02BBD1E6F00340AE8 /* ldblib.c in Sources */,
				9AC7B9F62BBD1E6F00340AE8 /* lzio.c in Sources */,
			);
			runOnlyForDeploymentPostprocessing = 0;
		};
		9AFD1F202BBE244B005F2DDD /* Sources */ = {
			isa = PBXSourcesBuildPhase;
			buildActionMask = 2147483647;
			files = (
				9AFD1F292BBE244B005F2DDD /* ContentView.swift in Sources */,
				9AFD1F562BBE2CFF005F2DDD /* LuaUtils.swift in Sources */,
				9AFD1F272BBE244B005F2DDD /* luaExampleApp.swift in Sources */,
			);
			runOnlyForDeploymentPostprocessing = 0;
		};
/* End PBXSourcesBuildPhase section */

/* Begin PBXTargetDependency section */
		9AFD1F372BBE24A0005F2DDD /* PBXTargetDependency */ = {
			isa = PBXTargetDependency;
			target = 9AC7B9692BBD1DD600340AE8 /* liblua-ios */;
			targetProxy = 9AFD1F362BBE24A0005F2DDD /* PBXContainerItemProxy */;
		};
/* End PBXTargetDependency section */

/* Begin XCBuildConfiguration section */
		9A6FE29D2BBFF7EC003A0C4D /* Debug */ = {
			isa = XCBuildConfiguration;
			buildSettings = {
				ALLOW_TARGET_PLATFORM_SPECIALIZATION = YES;
				BUILD_LIBRARY_FOR_DISTRIBUTION = YES;
				CODE_SIGN_STYLE = Automatic;
				CURRENT_PROJECT_VERSION = 1;
				DEFINES_MODULE = YES;
				DEVELOPMENT_TEAM = "";
				DYLIB_COMPATIBILITY_VERSION = 1;
				DYLIB_CURRENT_VERSION = 1;
				DYLIB_INSTALL_NAME_BASE = "@rpath";
				ENABLE_MODULE_VERIFIER = YES;
				GCC_PREPROCESSOR_DEFINITIONS = "$(inherited)";
				GCC_WARN_UNINITIALIZED_AUTOS = NO;
				GCC_WARN_UNUSED_VALUE = NO;
				GENERATE_INFOPLIST_FILE = YES;
				INFOPLIST_KEY_NSHumanReadableCopyright = "";
				INSTALL_PATH = "$(LOCAL_LIBRARY_DIR)/Frameworks";
				IPHONEOS_DEPLOYMENT_TARGET = 12.0;
				LD_RUNPATH_SEARCH_PATHS = (
					"@executable_path/Frameworks",
					"@loader_path/Frameworks",
				);
				"LD_RUNPATH_SEARCH_PATHS[sdk=macosx*]" = (
					"@executable_path/../Frameworks",
					"@loader_path/Frameworks",
				);
				MACOSX_DEPLOYMENT_TARGET = 10.13;
				MARKETING_VERSION = 1.0;
				MODULEMAP_FILE = liblua/sources/module.modulemap;
				MODULE_VERIFIER_SUPPORTED_LANGUAGES = "objective-c objective-c++";
				MODULE_VERIFIER_SUPPORTED_LANGUAGE_STANDARDS = "gnu17 gnu++20";
				ONLY_ACTIVE_ARCH = NO;
				OTHER_CFLAGS = "";
				PRODUCT_BUNDLE_IDENTIFIER = com.0x67.liblua;
				PRODUCT_MODULE_NAME = liblua;
				PRODUCT_NAME = liblua;
				SDKROOT = macosx;
				SKIP_INSTALL = YES;
				SUPPORTED_PLATFORMS = macosx;
				SUPPORTS_MACCATALYST = NO;
				SWIFT_EMIT_LOC_STRINGS = YES;
				SWIFT_INSTALL_OBJC_HEADER = NO;
				SWIFT_VERSION = 5.0;
				TVOS_DEPLOYMENT_TARGET = 12.0;
				VERSIONING_SYSTEM = "apple-generic";
				VERSION_INFO_PREFIX = "";
				WATCHOS_DEPLOYMENT_TARGET = 4.0;
				XROS_DEPLOYMENT_TARGET = 1.0;
			};
			name = Debug;
		};
		9A6FE29E2BBFF7EC003A0C4D /* Release */ = {
			isa = XCBuildConfiguration;
			buildSettings = {
				ALLOW_TARGET_PLATFORM_SPECIALIZATION = YES;
				BUILD_LIBRARY_FOR_DISTRIBUTION = YES;
				CODE_SIGN_STYLE = Automatic;
				CURRENT_PROJECT_VERSION = 1;
				DEFINES_MODULE = YES;
				DEVELOPMENT_TEAM = "";
				DYLIB_COMPATIBILITY_VERSION = 1;
				DYLIB_CURRENT_VERSION = 1;
				DYLIB_INSTALL_NAME_BASE = "@rpath";
				ENABLE_MODULE_VERIFIER = YES;
				GCC_PREPROCESSOR_DEFINITIONS = "";
				GCC_WARN_UNINITIALIZED_AUTOS = NO;
				GCC_WARN_UNUSED_VALUE = NO;
				GENERATE_INFOPLIST_FILE = YES;
				INFOPLIST_KEY_NSHumanReadableCopyright = "";
				INSTALL_PATH = "$(LOCAL_LIBRARY_DIR)/Frameworks";
				IPHONEOS_DEPLOYMENT_TARGET = 12.0;
				LD_RUNPATH_SEARCH_PATHS = (
					"@executable_path/Frameworks",
					"@loader_path/Frameworks",
				);
				"LD_RUNPATH_SEARCH_PATHS[sdk=macosx*]" = (
					"@executable_path/../Frameworks",
					"@loader_path/Frameworks",
				);
				MACOSX_DEPLOYMENT_TARGET = 10.13;
				MARKETING_VERSION = 1.0;
				MODULEMAP_FILE = liblua/sources/module.modulemap;
				MODULE_VERIFIER_SUPPORTED_LANGUAGES = "objective-c objective-c++";
				MODULE_VERIFIER_SUPPORTED_LANGUAGE_STANDARDS = "gnu17 gnu++20";
				OTHER_CFLAGS = "";
				PRODUCT_BUNDLE_IDENTIFIER = com.0x67.liblua;
				PRODUCT_MODULE_NAME = liblua;
				PRODUCT_NAME = liblua;
				SDKROOT = macosx;
				SKIP_INSTALL = YES;
				SUPPORTED_PLATFORMS = macosx;
				SUPPORTS_MACCATALYST = NO;
				SWIFT_EMIT_LOC_STRINGS = YES;
				SWIFT_INSTALL_OBJC_HEADER = NO;
				SWIFT_VERSION = 5.0;
				TVOS_DEPLOYMENT_TARGET = 12.0;
				VERSIONING_SYSTEM = "apple-generic";
				VERSION_INFO_PREFIX = "";
				WATCHOS_DEPLOYMENT_TARGET = 4.0;
				XROS_DEPLOYMENT_TARGET = 1.0;
			};
			name = Release;
		};
		9A6FE2CB2BBFF866003A0C4D /* Debug */ = {
			isa = XCBuildConfiguration;
			buildSettings = {
				ALLOW_TARGET_PLATFORM_SPECIALIZATION = YES;
				BUILD_LIBRARY_FOR_DISTRIBUTION = YES;
				CODE_SIGN_STYLE = Automatic;
				CURRENT_PROJECT_VERSION = 1;
				DEFINES_MODULE = YES;
				DEVELOPMENT_TEAM = "";
				DYLIB_COMPATIBILITY_VERSION = 1;
				DYLIB_CURRENT_VERSION = 1;
				DYLIB_INSTALL_NAME_BASE = "@rpath";
				ENABLE_MODULE_VERIFIER = YES;
				GCC_PREPROCESSOR_DEFINITIONS = (
					"$(inherited)",
					LUA_USE_IOS,
				);
				GCC_WARN_UNINITIALIZED_AUTOS = NO;
				GCC_WARN_UNUSED_VALUE = NO;
				GENERATE_INFOPLIST_FILE = YES;
				INFOPLIST_KEY_NSHumanReadableCopyright = "";
				INSTALL_PATH = "$(LOCAL_LIBRARY_DIR)/Frameworks";
				IPHONEOS_DEPLOYMENT_TARGET = 12.0;
				LD_RUNPATH_SEARCH_PATHS = (
					"@executable_path/Frameworks",
					"@loader_path/Frameworks",
				);
				"LD_RUNPATH_SEARCH_PATHS[sdk=macosx*]" = (
					"@executable_path/../Frameworks",
					"@loader_path/Frameworks",
				);
				MACOSX_DEPLOYMENT_TARGET = 10.15;
				MARKETING_VERSION = 1.0;
				MODULEMAP_FILE = liblua/sources/module.modulemap;
				MODULE_VERIFIER_SUPPORTED_LANGUAGES = "objective-c objective-c++";
				MODULE_VERIFIER_SUPPORTED_LANGUAGE_STANDARDS = "gnu17 gnu++20";
				ONLY_ACTIVE_ARCH = NO;
				OTHER_CFLAGS = "";
				PRODUCT_BUNDLE_IDENTIFIER = com.0x67.liblua;
				PRODUCT_MODULE_NAME = liblua;
				PRODUCT_NAME = liblua;
				SDKROOT = appletvos;
				SKIP_INSTALL = YES;
				SUPPORTED_PLATFORMS = "appletvos appletvsimulator";
				SUPPORTS_MACCATALYST = NO;
				SWIFT_EMIT_LOC_STRINGS = YES;
				SWIFT_INSTALL_OBJC_HEADER = NO;
				SWIFT_VERSION = 5.0;
				TARGETED_DEVICE_FAMILY = 3;
				TVOS_DEPLOYMENT_TARGET = 12.0;
				VERSIONING_SYSTEM = "apple-generic";
				VERSION_INFO_PREFIX = "";
				WATCHOS_DEPLOYMENT_TARGET = 4.0;
				XROS_DEPLOYMENT_TARGET = 1.0;
			};
			name = Debug;
		};
		9A6FE2CC2BBFF866003A0C4D /* Release */ = {
			isa = XCBuildConfiguration;
			buildSettings = {
				ALLOW_TARGET_PLATFORM_SPECIALIZATION = YES;
				BUILD_LIBRARY_FOR_DISTRIBUTION = YES;
				CODE_SIGN_STYLE = Automatic;
				CURRENT_PROJECT_VERSION = 1;
				DEFINES_MODULE = YES;
				DEVELOPMENT_TEAM = "";
				DYLIB_COMPATIBILITY_VERSION = 1;
				DYLIB_CURRENT_VERSION = 1;
				DYLIB_INSTALL_NAME_BASE = "@rpath";
				ENABLE_MODULE_VERIFIER = YES;
				GCC_PREPROCESSOR_DEFINITIONS = LUA_USE_IOS;
				GCC_WARN_UNINITIALIZED_AUTOS = NO;
				GCC_WARN_UNUSED_VALUE = NO;
				GENERATE_INFOPLIST_FILE = YES;
				INFOPLIST_KEY_NSHumanReadableCopyright = "";
				INSTALL_PATH = "$(LOCAL_LIBRARY_DIR)/Frameworks";
				IPHONEOS_DEPLOYMENT_TARGET = 12.0;
				LD_RUNPATH_SEARCH_PATHS = (
					"@executable_path/Frameworks",
					"@loader_path/Frameworks",
				);
				"LD_RUNPATH_SEARCH_PATHS[sdk=macosx*]" = (
					"@executable_path/../Frameworks",
					"@loader_path/Frameworks",
				);
				MACOSX_DEPLOYMENT_TARGET = 10.15;
				MARKETING_VERSION = 1.0;
				MODULEMAP_FILE = liblua/sources/module.modulemap;
				MODULE_VERIFIER_SUPPORTED_LANGUAGES = "objective-c objective-c++";
				MODULE_VERIFIER_SUPPORTED_LANGUAGE_STANDARDS = "gnu17 gnu++20";
				OTHER_CFLAGS = "";
				PRODUCT_BUNDLE_IDENTIFIER = com.0x67.liblua;
				PRODUCT_MODULE_NAME = liblua;
				PRODUCT_NAME = liblua;
				SDKROOT = appletvos;
				SKIP_INSTALL = YES;
				SUPPORTED_PLATFORMS = "appletvos appletvsimulator";
				SUPPORTS_MACCATALYST = NO;
				SWIFT_EMIT_LOC_STRINGS = YES;
				SWIFT_INSTALL_OBJC_HEADER = NO;
				SWIFT_VERSION = 5.0;
				TARGETED_DEVICE_FAMILY = 3;
				TVOS_DEPLOYMENT_TARGET = 12.0;
				VERSIONING_SYSTEM = "apple-generic";
				VERSION_INFO_PREFIX = "";
				WATCHOS_DEPLOYMENT_TARGET = 4.0;
				XROS_DEPLOYMENT_TARGET = 1.0;
			};
			name = Release;
		};
		9A6FE2F92BBFF869003A0C4D /* Debug */ = {
			isa = XCBuildConfiguration;
			buildSettings = {
				ALLOW_TARGET_PLATFORM_SPECIALIZATION = YES;
				BUILD_LIBRARY_FOR_DISTRIBUTION = YES;
				CODE_SIGN_STYLE = Automatic;
				CURRENT_PROJECT_VERSION = 1;
				DEFINES_MODULE = YES;
				DEVELOPMENT_TEAM = "";
				DYLIB_COMPATIBILITY_VERSION = 1;
				DYLIB_CURRENT_VERSION = 1;
				DYLIB_INSTALL_NAME_BASE = "@rpath";
				ENABLE_MODULE_VERIFIER = YES;
				GCC_PREPROCESSOR_DEFINITIONS = (
					"$(inherited)",
					LUA_USE_IOS,
				);
				GCC_WARN_UNINITIALIZED_AUTOS = NO;
				GCC_WARN_UNUSED_VALUE = NO;
				GENERATE_INFOPLIST_FILE = YES;
				INFOPLIST_KEY_NSHumanReadableCopyright = "";
				INSTALL_PATH = "$(LOCAL_LIBRARY_DIR)/Frameworks";
				IPHONEOS_DEPLOYMENT_TARGET = 12.0;
				LD_RUNPATH_SEARCH_PATHS = (
					"@executable_path/Frameworks",
					"@loader_path/Frameworks",
				);
				"LD_RUNPATH_SEARCH_PATHS[sdk=macosx*]" = (
					"@executable_path/../Frameworks",
					"@loader_path/Frameworks",
				);
				MACOSX_DEPLOYMENT_TARGET = 10.15;
				MARKETING_VERSION = 1.0;
				MODULEMAP_FILE = liblua/sources/module.modulemap;
				MODULE_VERIFIER_SUPPORTED_LANGUAGES = "objective-c objective-c++";
				MODULE_VERIFIER_SUPPORTED_LANGUAGE_STANDARDS = "gnu17 gnu++20";
				ONLY_ACTIVE_ARCH = NO;
				OTHER_CFLAGS = "";
				PRODUCT_BUNDLE_IDENTIFIER = com.0x67.liblua;
				PRODUCT_MODULE_NAME = liblua;
				PRODUCT_NAME = liblua;
				SDKROOT = xros;
				SKIP_INSTALL = YES;
				SUPPORTED_PLATFORMS = "xros xrsimulator";
				SUPPORTS_MACCATALYST = NO;
				SWIFT_EMIT_LOC_STRINGS = YES;
				SWIFT_INSTALL_OBJC_HEADER = NO;
				SWIFT_VERSION = 5.0;
				TARGETED_DEVICE_FAMILY = 7;
				TVOS_DEPLOYMENT_TARGET = 12.0;
				VERSIONING_SYSTEM = "apple-generic";
				VERSION_INFO_PREFIX = "";
				WATCHOS_DEPLOYMENT_TARGET = 4.0;
				XROS_DEPLOYMENT_TARGET = 1.0;
			};
			name = Debug;
		};
		9A6FE2FA2BBFF869003A0C4D /* Release */ = {
			isa = XCBuildConfiguration;
			buildSettings = {
				ALLOW_TARGET_PLATFORM_SPECIALIZATION = YES;
				BUILD_LIBRARY_FOR_DISTRIBUTION = YES;
				CODE_SIGN_STYLE = Automatic;
				CURRENT_PROJECT_VERSION = 1;
				DEFINES_MODULE = YES;
				DEVELOPMENT_TEAM = "";
				DYLIB_COMPATIBILITY_VERSION = 1;
				DYLIB_CURRENT_VERSION = 1;
				DYLIB_INSTALL_NAME_BASE = "@rpath";
				ENABLE_MODULE_VERIFIER = YES;
				GCC_PREPROCESSOR_DEFINITIONS = LUA_USE_IOS;
				GCC_WARN_UNINITIALIZED_AUTOS = NO;
				GCC_WARN_UNUSED_VALUE = NO;
				GENERATE_INFOPLIST_FILE = YES;
				INFOPLIST_KEY_NSHumanReadableCopyright = "";
				INSTALL_PATH = "$(LOCAL_LIBRARY_DIR)/Frameworks";
				IPHONEOS_DEPLOYMENT_TARGET = 12.0;
				LD_RUNPATH_SEARCH_PATHS = (
					"@executable_path/Frameworks",
					"@loader_path/Frameworks",
				);
				"LD_RUNPATH_SEARCH_PATHS[sdk=macosx*]" = (
					"@executable_path/../Frameworks",
					"@loader_path/Frameworks",
				);
				MACOSX_DEPLOYMENT_TARGET = 10.15;
				MARKETING_VERSION = 1.0;
				MODULEMAP_FILE = liblua/sources/module.modulemap;
				MODULE_VERIFIER_SUPPORTED_LANGUAGES = "objective-c objective-c++";
				MODULE_VERIFIER_SUPPORTED_LANGUAGE_STANDARDS = "gnu17 gnu++20";
				OTHER_CFLAGS = "";
				PRODUCT_BUNDLE_IDENTIFIER = com.0x67.liblua;
				PRODUCT_MODULE_NAME = liblua;
				PRODUCT_NAME = liblua;
				SDKROOT = xros;
				SKIP_INSTALL = YES;
				SUPPORTED_PLATFORMS = "xros xrsimulator";
				SUPPORTS_MACCATALYST = NO;
				SWIFT_EMIT_LOC_STRINGS = YES;
				SWIFT_INSTALL_OBJC_HEADER = NO;
				SWIFT_VERSION = 5.0;
				TARGETED_DEVICE_FAMILY = 7;
				TVOS_DEPLOYMENT_TARGET = 12.0;
				VERSIONING_SYSTEM = "apple-generic";
				VERSION_INFO_PREFIX = "";
				WATCHOS_DEPLOYMENT_TARGET = 4.0;
				XROS_DEPLOYMENT_TARGET = 1.0;
			};
			name = Release;
		};
		9A6FE3272BBFF86C003A0C4D /* Debug */ = {
			isa = XCBuildConfiguration;
			buildSettings = {
				ALLOW_TARGET_PLATFORM_SPECIALIZATION = YES;
				BUILD_LIBRARY_FOR_DISTRIBUTION = YES;
				CODE_SIGN_STYLE = Automatic;
				CURRENT_PROJECT_VERSION = 1;
				DEFINES_MODULE = YES;
				DEVELOPMENT_TEAM = "";
				DYLIB_COMPATIBILITY_VERSION = 1;
				DYLIB_CURRENT_VERSION = 1;
				DYLIB_INSTALL_NAME_BASE = "@rpath";
				ENABLE_MODULE_VERIFIER = YES;
				GCC_PREPROCESSOR_DEFINITIONS = (
					"$(inherited)",
					LUA_USE_IOS,
				);
				GCC_WARN_UNINITIALIZED_AUTOS = NO;
				GCC_WARN_UNUSED_VALUE = NO;
				GENERATE_INFOPLIST_FILE = YES;
				INFOPLIST_KEY_NSHumanReadableCopyright = "";
				INSTALL_PATH = "$(LOCAL_LIBRARY_DIR)/Frameworks";
				IPHONEOS_DEPLOYMENT_TARGET = 12.0;
				LD_RUNPATH_SEARCH_PATHS = (
					"@executable_path/Frameworks",
					"@loader_path/Frameworks",
				);
				"LD_RUNPATH_SEARCH_PATHS[sdk=macosx*]" = (
					"@executable_path/../Frameworks",
					"@loader_path/Frameworks",
				);
				MACOSX_DEPLOYMENT_TARGET = 10.15;
				MARKETING_VERSION = 1.0;
				MODULEMAP_FILE = liblua/sources/module.modulemap;
				MODULE_VERIFIER_SUPPORTED_LANGUAGES = "objective-c objective-c++";
				MODULE_VERIFIER_SUPPORTED_LANGUAGE_STANDARDS = "gnu17 gnu++20";
				ONLY_ACTIVE_ARCH = NO;
				OTHER_CFLAGS = "";
				PRODUCT_BUNDLE_IDENTIFIER = com.0x67.liblua;
				PRODUCT_MODULE_NAME = liblua;
				PRODUCT_NAME = liblua;
				SDKROOT = watchos;
				SKIP_INSTALL = YES;
				SUPPORTED_PLATFORMS = "watchos watchsimulator";
				SUPPORTS_MACCATALYST = NO;
				SWIFT_EMIT_LOC_STRINGS = YES;
				SWIFT_INSTALL_OBJC_HEADER = NO;
				SWIFT_VERSION = 5.0;
				TARGETED_DEVICE_FAMILY = 4;
				TVOS_DEPLOYMENT_TARGET = 12.0;
				VERSIONING_SYSTEM = "apple-generic";
				VERSION_INFO_PREFIX = "";
				WATCHOS_DEPLOYMENT_TARGET = 4.0;
				XROS_DEPLOYMENT_TARGET = 1.0;
			};
			name = Debug;
		};
		9A6FE3282BBFF86C003A0C4D /* Release */ = {
			isa = XCBuildConfiguration;
			buildSettings = {
				ALLOW_TARGET_PLATFORM_SPECIALIZATION = YES;
				BUILD_LIBRARY_FOR_DISTRIBUTION = YES;
				CODE_SIGN_STYLE = Automatic;
				CURRENT_PROJECT_VERSION = 1;
				DEFINES_MODULE = YES;
				DEVELOPMENT_TEAM = "";
				DYLIB_COMPATIBILITY_VERSION = 1;
				DYLIB_CURRENT_VERSION = 1;
				DYLIB_INSTALL_NAME_BASE = "@rpath";
				ENABLE_MODULE_VERIFIER = YES;
				GCC_PREPROCESSOR_DEFINITIONS = LUA_USE_IOS;
				GCC_WARN_UNINITIALIZED_AUTOS = NO;
				GCC_WARN_UNUSED_VALUE = NO;
				GENERATE_INFOPLIST_FILE = YES;
				INFOPLIST_KEY_NSHumanReadableCopyright = "";
				INSTALL_PATH = "$(LOCAL_LIBRARY_DIR)/Frameworks";
				IPHONEOS_DEPLOYMENT_TARGET = 12.0;
				LD_RUNPATH_SEARCH_PATHS = (
					"@executable_path/Frameworks",
					"@loader_path/Frameworks",
				);
				"LD_RUNPATH_SEARCH_PATHS[sdk=macosx*]" = (
					"@executable_path/../Frameworks",
					"@loader_path/Frameworks",
				);
				MACOSX_DEPLOYMENT_TARGET = 10.15;
				MARKETING_VERSION = 1.0;
				MODULEMAP_FILE = liblua/sources/module.modulemap;
				MODULE_VERIFIER_SUPPORTED_LANGUAGES = "objective-c objective-c++";
				MODULE_VERIFIER_SUPPORTED_LANGUAGE_STANDARDS = "gnu17 gnu++20";
				OTHER_CFLAGS = "";
				PRODUCT_BUNDLE_IDENTIFIER = com.0x67.liblua;
				PRODUCT_MODULE_NAME = liblua;
				PRODUCT_NAME = liblua;
				SDKROOT = watchos;
				SKIP_INSTALL = YES;
				SUPPORTED_PLATFORMS = "watchos watchsimulator";
				SUPPORTS_MACCATALYST = NO;
				SWIFT_EMIT_LOC_STRINGS = YES;
				SWIFT_INSTALL_OBJC_HEADER = NO;
				SWIFT_VERSION = 5.0;
				TARGETED_DEVICE_FAMILY = 4;
				TVOS_DEPLOYMENT_TARGET = 12.0;
				VERSIONING_SYSTEM = "apple-generic";
				VERSION_INFO_PREFIX = "";
				WATCHOS_DEPLOYMENT_TARGET = 4.0;
				XROS_DEPLOYMENT_TARGET = 1.0;
			};
			name = Release;
		};
		9AC7B9552BBD03FF00340AE8 /* Debug */ = {
			isa = XCBuildConfiguration;
			buildSettings = {
				ALWAYS_SEARCH_USER_PATHS = NO;
				ASSETCATALOG_COMPILER_GENERATE_SWIFT_ASSET_SYMBOL_EXTENSIONS = YES;
				CLANG_ANALYZER_NONNULL = YES;
				CLANG_ANALYZER_NUMBER_OBJECT_CONVERSION = YES_AGGRESSIVE;
				CLANG_CXX_LANGUAGE_STANDARD = "gnu++20";
				CLANG_ENABLE_MODULES = YES;
				CLANG_ENABLE_OBJC_ARC = YES;
				CLANG_ENABLE_OBJC_WEAK = YES;
				CLANG_WARN_BLOCK_CAPTURE_AUTORELEASING = YES;
				CLANG_WARN_BOOL_CONVERSION = YES;
				CLANG_WARN_COMMA = YES;
				CLANG_WARN_CONSTANT_CONVERSION = YES;
				CLANG_WARN_DEPRECATED_OBJC_IMPLEMENTATIONS = YES;
				CLANG_WARN_DIRECT_OBJC_ISA_USAGE = YES_ERROR;
				CLANG_WARN_DOCUMENTATION_COMMENTS = YES;
				CLANG_WARN_EMPTY_BODY = YES;
				CLANG_WARN_ENUM_CONVERSION = YES;
				CLANG_WARN_INFINITE_RECURSION = YES;
				CLANG_WARN_INT_CONVERSION = YES;
				CLANG_WARN_NON_LITERAL_NULL_CONVERSION = YES;
				CLANG_WARN_OBJC_IMPLICIT_RETAIN_SELF = YES;
				CLANG_WARN_OBJC_LITERAL_CONVERSION = YES;
				CLANG_WARN_OBJC_ROOT_CLASS = YES_ERROR;
				CLANG_WARN_QUOTED_INCLUDE_IN_FRAMEWORK_HEADER = YES;
				CLANG_WARN_RANGE_LOOP_ANALYSIS = YES;
				CLANG_WARN_STRICT_PROTOTYPES = YES;
				CLANG_WARN_SUSPICIOUS_MOVE = YES;
				CLANG_WARN_UNGUARDED_AVAILABILITY = YES_AGGRESSIVE;
				CLANG_WARN_UNREACHABLE_CODE = YES;
				CLANG_WARN__DUPLICATE_METHOD_MATCH = YES;
				COPY_PHASE_STRIP = NO;
				DEBUG_INFORMATION_FORMAT = dwarf;
				ENABLE_STRICT_OBJC_MSGSEND = YES;
				ENABLE_TESTABILITY = YES;
				ENABLE_USER_SCRIPT_SANDBOXING = YES;
				GCC_C_LANGUAGE_STANDARD = gnu17;
				GCC_DYNAMIC_NO_PIC = NO;
				GCC_NO_COMMON_BLOCKS = YES;
				GCC_OPTIMIZATION_LEVEL = 0;
				GCC_PREPROCESSOR_DEFINITIONS = (
					"DEBUG=1",
					"$(inherited)",
				);
				GCC_WARN_64_TO_32_BIT_CONVERSION = YES;
				GCC_WARN_ABOUT_RETURN_TYPE = YES_ERROR;
				GCC_WARN_UNDECLARED_SELECTOR = YES;
				GCC_WARN_UNINITIALIZED_AUTOS = YES_AGGRESSIVE;
				GCC_WARN_UNUSED_FUNCTION = YES;
				GCC_WARN_UNUSED_VARIABLE = YES;
				IPHONEOS_DEPLOYMENT_TARGET = 14.0;
				LOCALIZATION_PREFERS_STRING_CATALOGS = YES;
				MACOSX_DEPLOYMENT_TARGET = 10.13;
				MTL_ENABLE_DEBUG_INFO = INCLUDE_SOURCE;
				MTL_FAST_MATH = YES;
				ONLY_ACTIVE_ARCH = YES;
				SDKROOT = iphoneos;
				SWIFT_ACTIVE_COMPILATION_CONDITIONS = "DEBUG $(inherited)";
				SWIFT_OPTIMIZATION_LEVEL = "-Onone";
				TVOS_DEPLOYMENT_TARGET = 12.0;
				WATCHOS_DEPLOYMENT_TARGET = 4.0;
				XROS_DEPLOYMENT_TARGET = 1.0;
			};
			name = Debug;
		};
		9AC7B9562BBD03FF00340AE8 /* Release */ = {
			isa = XCBuildConfiguration;
			buildSettings = {
				ALWAYS_SEARCH_USER_PATHS = NO;
				ASSETCATALOG_COMPILER_GENERATE_SWIFT_ASSET_SYMBOL_EXTENSIONS = YES;
				CLANG_ANALYZER_NONNULL = YES;
				CLANG_ANALYZER_NUMBER_OBJECT_CONVERSION = YES_AGGRESSIVE;
				CLANG_CXX_LANGUAGE_STANDARD = "gnu++20";
				CLANG_ENABLE_MODULES = YES;
				CLANG_ENABLE_OBJC_ARC = YES;
				CLANG_ENABLE_OBJC_WEAK = YES;
				CLANG_WARN_BLOCK_CAPTURE_AUTORELEASING = YES;
				CLANG_WARN_BOOL_CONVERSION = YES;
				CLANG_WARN_COMMA = YES;
				CLANG_WARN_CONSTANT_CONVERSION = YES;
				CLANG_WARN_DEPRECATED_OBJC_IMPLEMENTATIONS = YES;
				CLANG_WARN_DIRECT_OBJC_ISA_USAGE = YES_ERROR;
				CLANG_WARN_DOCUMENTATION_COMMENTS = YES;
				CLANG_WARN_EMPTY_BODY = YES;
				CLANG_WARN_ENUM_CONVERSION = YES;
				CLANG_WARN_INFINITE_RECURSION = YES;
				CLANG_WARN_INT_CONVERSION = YES;
				CLANG_WARN_NON_LITERAL_NULL_CONVERSION = YES;
				CLANG_WARN_OBJC_IMPLICIT_RETAIN_SELF = YES;
				CLANG_WARN_OBJC_LITERAL_CONVERSION = YES;
				CLANG_WARN_OBJC_ROOT_CLASS = YES_ERROR;
				CLANG_WARN_QUOTED_INCLUDE_IN_FRAMEWORK_HEADER = YES;
				CLANG_WARN_RANGE_LOOP_ANALYSIS = YES;
				CLANG_WARN_STRICT_PROTOTYPES = YES;
				CLANG_WARN_SUSPICIOUS_MOVE = YES;
				CLANG_WARN_UNGUARDED_AVAILABILITY = YES_AGGRESSIVE;
				CLANG_WARN_UNREACHABLE_CODE = YES;
				CLANG_WARN__DUPLICATE_METHOD_MATCH = YES;
				COPY_PHASE_STRIP = NO;
				DEBUG_INFORMATION_FORMAT = "dwarf-with-dsym";
				ENABLE_NS_ASSERTIONS = NO;
				ENABLE_STRICT_OBJC_MSGSEND = YES;
				ENABLE_USER_SCRIPT_SANDBOXING = YES;
				GCC_C_LANGUAGE_STANDARD = gnu17;
				GCC_NO_COMMON_BLOCKS = YES;
				GCC_WARN_64_TO_32_BIT_CONVERSION = YES;
				GCC_WARN_ABOUT_RETURN_TYPE = YES_ERROR;
				GCC_WARN_UNDECLARED_SELECTOR = YES;
				GCC_WARN_UNINITIALIZED_AUTOS = YES_AGGRESSIVE;
				GCC_WARN_UNUSED_FUNCTION = YES;
				GCC_WARN_UNUSED_VARIABLE = YES;
				IPHONEOS_DEPLOYMENT_TARGET = 14.0;
				LOCALIZATION_PREFERS_STRING_CATALOGS = YES;
				MACOSX_DEPLOYMENT_TARGET = 10.13;
				MTL_ENABLE_DEBUG_INFO = NO;
				MTL_FAST_MATH = YES;
				SDKROOT = iphoneos;
				SWIFT_COMPILATION_MODE = wholemodule;
				TVOS_DEPLOYMENT_TARGET = 12.0;
				VALIDATE_PRODUCT = YES;
				WATCHOS_DEPLOYMENT_TARGET = 4.0;
				XROS_DEPLOYMENT_TARGET = 1.0;
			};
			name = Release;
		};
		9AC7B9822BBD1DD600340AE8 /* Debug */ = {
			isa = XCBuildConfiguration;
			buildSettings = {
				ALLOW_TARGET_PLATFORM_SPECIALIZATION = YES;
				BUILD_LIBRARY_FOR_DISTRIBUTION = YES;
				CODE_SIGN_STYLE = Automatic;
				CURRENT_PROJECT_VERSION = 1;
				DEFINES_MODULE = YES;
				DEVELOPMENT_TEAM = "";
				DYLIB_COMPATIBILITY_VERSION = 1;
				DYLIB_CURRENT_VERSION = 1;
				DYLIB_INSTALL_NAME_BASE = "@rpath";
				ENABLE_MODULE_VERIFIER = YES;
				GCC_PREPROCESSOR_DEFINITIONS = (
					"$(inherited)",
					LUA_USE_IOS,
				);
				GCC_WARN_UNINITIALIZED_AUTOS = NO;
				GCC_WARN_UNUSED_VALUE = NO;
				GENERATE_INFOPLIST_FILE = YES;
				INFOPLIST_KEY_NSHumanReadableCopyright = "";
				INSTALL_PATH = "$(LOCAL_LIBRARY_DIR)/Frameworks";
				IPHONEOS_DEPLOYMENT_TARGET = 12.0;
				LD_RUNPATH_SEARCH_PATHS = (
					"@executable_path/Frameworks",
					"@loader_path/Frameworks",
				);
				"LD_RUNPATH_SEARCH_PATHS[sdk=macosx*]" = (
					"@executable_path/../Frameworks",
					"@loader_path/Frameworks",
				);
				MACOSX_DEPLOYMENT_TARGET = 10.15;
				MARKETING_VERSION = 1.0;
				MODULEMAP_FILE = liblua/sources/module.modulemap;
				MODULE_VERIFIER_SUPPORTED_LANGUAGES = "objective-c objective-c++";
				MODULE_VERIFIER_SUPPORTED_LANGUAGE_STANDARDS = "gnu17 gnu++20";
				ONLY_ACTIVE_ARCH = NO;
				OTHER_CFLAGS = "";
				PRODUCT_BUNDLE_IDENTIFIER = com.0x67.liblua;
				PRODUCT_MODULE_NAME = liblua;
				PRODUCT_NAME = liblua;
				SDKROOT = iphoneos;
				SKIP_INSTALL = YES;
				SUPPORTED_PLATFORMS = "iphoneos iphonesimulator";
				SUPPORTS_MACCATALYST = NO;
				SWIFT_EMIT_LOC_STRINGS = YES;
				SWIFT_INSTALL_OBJC_HEADER = NO;
				SWIFT_VERSION = 5.0;
				TARGETED_DEVICE_FAMILY = "1,2";
				TVOS_DEPLOYMENT_TARGET = 12.0;
				VERSIONING_SYSTEM = "apple-generic";
				VERSION_INFO_PREFIX = "";
				WATCHOS_DEPLOYMENT_TARGET = 4.0;
				XROS_DEPLOYMENT_TARGET = 1.0;
			};
			name = Debug;
		};
		9AC7B9832BBD1DD600340AE8 /* Release */ = {
			isa = XCBuildConfiguration;
			buildSettings = {
				ALLOW_TARGET_PLATFORM_SPECIALIZATION = YES;
				BUILD_LIBRARY_FOR_DISTRIBUTION = YES;
				CODE_SIGN_STYLE = Automatic;
				CURRENT_PROJECT_VERSION = 1;
				DEFINES_MODULE = YES;
				DEVELOPMENT_TEAM = "";
				DYLIB_COMPATIBILITY_VERSION = 1;
				DYLIB_CURRENT_VERSION = 1;
				DYLIB_INSTALL_NAME_BASE = "@rpath";
				ENABLE_MODULE_VERIFIER = YES;
				GCC_PREPROCESSOR_DEFINITIONS = LUA_USE_IOS;
				GCC_WARN_UNINITIALIZED_AUTOS = NO;
				GCC_WARN_UNUSED_VALUE = NO;
				GENERATE_INFOPLIST_FILE = YES;
				INFOPLIST_KEY_NSHumanReadableCopyright = "";
				INSTALL_PATH = "$(LOCAL_LIBRARY_DIR)/Frameworks";
				IPHONEOS_DEPLOYMENT_TARGET = 12.0;
				LD_RUNPATH_SEARCH_PATHS = (
					"@executable_path/Frameworks",
					"@loader_path/Frameworks",
				);
				"LD_RUNPATH_SEARCH_PATHS[sdk=macosx*]" = (
					"@executable_path/../Frameworks",
					"@loader_path/Frameworks",
				);
				MACOSX_DEPLOYMENT_TARGET = 10.15;
				MARKETING_VERSION = 1.0;
				MODULEMAP_FILE = liblua/sources/module.modulemap;
				MODULE_VERIFIER_SUPPORTED_LANGUAGES = "objective-c objective-c++";
				MODULE_VERIFIER_SUPPORTED_LANGUAGE_STANDARDS = "gnu17 gnu++20";
				OTHER_CFLAGS = "";
				PRODUCT_BUNDLE_IDENTIFIER = com.0x67.liblua;
				PRODUCT_MODULE_NAME = liblua;
				PRODUCT_NAME = liblua;
				SDKROOT = iphoneos;
				SKIP_INSTALL = YES;
				SUPPORTED_PLATFORMS = "iphoneos iphonesimulator";
				SUPPORTS_MACCATALYST = NO;
				SWIFT_EMIT_LOC_STRINGS = YES;
				SWIFT_INSTALL_OBJC_HEADER = NO;
				SWIFT_VERSION = 5.0;
				TARGETED_DEVICE_FAMILY = "1,2";
				TVOS_DEPLOYMENT_TARGET = 12.0;
				VERSIONING_SYSTEM = "apple-generic";
				VERSION_INFO_PREFIX = "";
				WATCHOS_DEPLOYMENT_TARGET = 4.0;
				XROS_DEPLOYMENT_TARGET = 1.0;
			};
			name = Release;
		};
		9AFD1F312BBE244C005F2DDD /* Debug */ = {
			isa = XCBuildConfiguration;
			buildSettings = {
				ASSETCATALOG_COMPILER_APPICON_NAME = AppIcon;
				ASSETCATALOG_COMPILER_GLOBAL_ACCENT_COLOR_NAME = AccentColor;
				CODE_SIGN_ENTITLEMENTS = luaExample/luaExample.entitlements;
				"CODE_SIGN_IDENTITY[sdk=macosx*]" = "-";
				CODE_SIGN_STYLE = Automatic;
				CURRENT_PROJECT_VERSION = 1;
				DEVELOPMENT_ASSET_PATHS = "\"luaExample/Preview Content\"";
				DEVELOPMENT_TEAM = T2DT6C6U3X;
				ENABLE_HARDENED_RUNTIME = YES;
				ENABLE_PREVIEWS = YES;
				GENERATE_INFOPLIST_FILE = YES;
				"INFOPLIST_KEY_UIApplicationSceneManifest_Generation[sdk=iphoneos*]" = YES;
				"INFOPLIST_KEY_UIApplicationSceneManifest_Generation[sdk=iphonesimulator*]" = YES;
				"INFOPLIST_KEY_UIApplicationSupportsIndirectInputEvents[sdk=iphoneos*]" = YES;
				"INFOPLIST_KEY_UIApplicationSupportsIndirectInputEvents[sdk=iphonesimulator*]" = YES;
				"INFOPLIST_KEY_UILaunchScreen_Generation[sdk=iphoneos*]" = YES;
				"INFOPLIST_KEY_UILaunchScreen_Generation[sdk=iphonesimulator*]" = YES;
				"INFOPLIST_KEY_UIStatusBarStyle[sdk=iphoneos*]" = UIStatusBarStyleDefault;
				"INFOPLIST_KEY_UIStatusBarStyle[sdk=iphonesimulator*]" = UIStatusBarStyleDefault;
				INFOPLIST_KEY_UISupportedInterfaceOrientations_iPad = "UIInterfaceOrientationPortrait UIInterfaceOrientationPortraitUpsideDown UIInterfaceOrientationLandscapeLeft UIInterfaceOrientationLandscapeRight";
				INFOPLIST_KEY_UISupportedInterfaceOrientations_iPhone = "UIInterfaceOrientationPortrait UIInterfaceOrientationLandscapeLeft UIInterfaceOrientationLandscapeRight";
				IPHONEOS_DEPLOYMENT_TARGET = 14.0;
				LD_RUNPATH_SEARCH_PATHS = "@executable_path/Frameworks";
				"LD_RUNPATH_SEARCH_PATHS[sdk=macosx*]" = "@executable_path/../Frameworks";
				MACOSX_DEPLOYMENT_TARGET = 11.0;
				MARKETING_VERSION = 1.0;
				PRODUCT_BUNDLE_IDENTIFIER = com.0x67.luaExample;
				PRODUCT_NAME = "$(TARGET_NAME)";
				SDKROOT = auto;
				SUPPORTED_PLATFORMS = "appletvos appletvsimulator iphoneos iphonesimulator macosx xros xrsimulator";
				SUPPORTS_MACCATALYST = NO;
				SWIFT_EMIT_LOC_STRINGS = YES;
				SWIFT_VERSION = 5.0;
				TARGETED_DEVICE_FAMILY = "1,2,3,7";
			};
			name = Debug;
		};
		9AFD1F322BBE244C005F2DDD /* Release */ = {
			isa = XCBuildConfiguration;
			buildSettings = {
				ASSETCATALOG_COMPILER_APPICON_NAME = AppIcon;
				ASSETCATALOG_COMPILER_GLOBAL_ACCENT_COLOR_NAME = AccentColor;
				CODE_SIGN_ENTITLEMENTS = luaExample/luaExample.entitlements;
				"CODE_SIGN_IDENTITY[sdk=macosx*]" = "-";
				CODE_SIGN_STYLE = Automatic;
				CURRENT_PROJECT_VERSION = 1;
				DEVELOPMENT_ASSET_PATHS = "\"luaExample/Preview Content\"";
				DEVELOPMENT_TEAM = T2DT6C6U3X;
				ENABLE_HARDENED_RUNTIME = YES;
				ENABLE_PREVIEWS = YES;
				GENERATE_INFOPLIST_FILE = YES;
				"INFOPLIST_KEY_UIApplicationSceneManifest_Generation[sdk=iphoneos*]" = YES;
				"INFOPLIST_KEY_UIApplicationSceneManifest_Generation[sdk=iphonesimulator*]" = YES;
				"INFOPLIST_KEY_UIApplicationSupportsIndirectInputEvents[sdk=iphoneos*]" = YES;
				"INFOPLIST_KEY_UIApplicationSupportsIndirectInputEvents[sdk=iphonesimulator*]" = YES;
				"INFOPLIST_KEY_UILaunchScreen_Generation[sdk=iphoneos*]" = YES;
				"INFOPLIST_KEY_UILaunchScreen_Generation[sdk=iphonesimulator*]" = YES;
				"INFOPLIST_KEY_UIStatusBarStyle[sdk=iphoneos*]" = UIStatusBarStyleDefault;
				"INFOPLIST_KEY_UIStatusBarStyle[sdk=iphonesimulator*]" = UIStatusBarStyleDefault;
				INFOPLIST_KEY_UISupportedInterfaceOrientations_iPad = "UIInterfaceOrientationPortrait UIInterfaceOrientationPortraitUpsideDown UIInterfaceOrientationLandscapeLeft UIInterfaceOrientationLandscapeRight";
				INFOPLIST_KEY_UISupportedInterfaceOrientations_iPhone = "UIInterfaceOrientationPortrait UIInterfaceOrientationLandscapeLeft UIInterfaceOrientationLandscapeRight";
				IPHONEOS_DEPLOYMENT_TARGET = 14.0;
				LD_RUNPATH_SEARCH_PATHS = "@executable_path/Frameworks";
				"LD_RUNPATH_SEARCH_PATHS[sdk=macosx*]" = "@executable_path/../Frameworks";
				MACOSX_DEPLOYMENT_TARGET = 11.0;
				MARKETING_VERSION = 1.0;
				PRODUCT_BUNDLE_IDENTIFIER = com.0x67.luaExample;
				PRODUCT_NAME = "$(TARGET_NAME)";
				SDKROOT = auto;
				SUPPORTED_PLATFORMS = "appletvos appletvsimulator iphoneos iphonesimulator macosx xros xrsimulator";
				SUPPORTS_MACCATALYST = NO;
				SWIFT_EMIT_LOC_STRINGS = YES;
				SWIFT_VERSION = 5.0;
				TARGETED_DEVICE_FAMILY = "1,2,3,7";
			};
			name = Release;
		};
/* End XCBuildConfiguration section */

/* Begin XCConfigurationList section */
		9A6FE29C2BBFF7EC003A0C4D /* Build configuration list for PBXNativeTarget "liblua-macos" */ = {
			isa = XCConfigurationList;
			buildConfigurations = (
				9A6FE29D2BBFF7EC003A0C4D /* Debug */,
				9A6FE29E2BBFF7EC003A0C4D /* Release */,
			);
			defaultConfigurationIsVisible = 0;
			defaultConfigurationName = Release;
		};
		9A6FE2CA2BBFF866003A0C4D /* Build configuration list for PBXNativeTarget "liblua-tvos" */ = {
			isa = XCConfigurationList;
			buildConfigurations = (
				9A6FE2CB2BBFF866003A0C4D /* Debug */,
				9A6FE2CC2BBFF866003A0C4D /* Release */,
			);
			defaultConfigurationIsVisible = 0;
			defaultConfigurationName = Release;
		};
		9A6FE2F82BBFF869003A0C4D /* Build configuration list for PBXNativeTarget "liblua-visionOS" */ = {
			isa = XCConfigurationList;
			buildConfigurations = (
				9A6FE2F92BBFF869003A0C4D /* Debug */,
				9A6FE2FA2BBFF869003A0C4D /* Release */,
			);
			defaultConfigurationIsVisible = 0;
			defaultConfigurationName = Release;
		};
		9A6FE3262BBFF86C003A0C4D /* Build configuration list for PBXNativeTarget "liblua-watchOS" */ = {
			isa = XCConfigurationList;
			buildConfigurations = (
				9A6FE3272BBFF86C003A0C4D /* Debug */,
				9A6FE3282BBFF86C003A0C4D /* Release */,
			);
			defaultConfigurationIsVisible = 0;
			defaultConfigurationName = Release;
		};
		9AC7B93E2BBD03FE00340AE8 /* Build configuration list for PBXProject "lua" */ = {
			isa = XCConfigurationList;
			buildConfigurations = (
				9AC7B9552BBD03FF00340AE8 /* Debug */,
				9AC7B9562BBD03FF00340AE8 /* Release */,
			);
			defaultConfigurationIsVisible = 0;
			defaultConfigurationName = Release;
		};
		9AC7B9812BBD1DD600340AE8 /* Build configuration list for PBXNativeTarget "liblua-ios" */ = {
			isa = XCConfigurationList;
			buildConfigurations = (
				9AC7B9822BBD1DD600340AE8 /* Debug */,
				9AC7B9832BBD1DD600340AE8 /* Release */,
			);
			defaultConfigurationIsVisible = 0;
			defaultConfigurationName = Release;
		};
		9AFD1F302BBE244C005F2DDD /* Build configuration list for PBXNativeTarget "luaExample" */ = {
			isa = XCConfigurationList;
			buildConfigurations = (
				9AFD1F312BBE244C005F2DDD /* Debug */,
				9AFD1F322BBE244C005F2DDD /* Release */,
			);
			defaultConfigurationIsVisible = 0;
			defaultConfigurationName = Release;
		};
/* End XCConfigurationList section */
	};
	rootObject = 9AC7B93B2BBD03FE00340AE8 /* Project object */;
}
